// !$*UTF8*$!
{
	archiveVersion = 1;
	classes = {
	};
	objectVersion = 46;
	objects = {

/* Begin PBXBuildFile section */
		4F39A3A21CF33A50004E37E8 /* main.m in Sources */ = {isa = PBXBuildFile; fileRef = 4F39A3A11CF33A50004E37E8 /* main.m */; };
		4F39A3AD1CF33A50004E37E8 /* Assets.xcassets in Resources */ = {isa = PBXBuildFile; fileRef = 4F39A3AC1CF33A50004E37E8 /* Assets.xcassets */; };
		4F39A3B01CF33A50004E37E8 /* LaunchScreen.storyboard in Resources */ = {isa = PBXBuildFile; fileRef = 4F39A3AE1CF33A50004E37E8 /* LaunchScreen.storyboard */; };
		4F39A3CB1CF358E6004E37E8 /* AppDelegate.m in Sources */ = {isa = PBXBuildFile; fileRef = 4F39A3CA1CF358E6004E37E8 /* AppDelegate.m */; };
		4F39A3D01CF3607A004E37E8 /* LJTabBarController.m in Sources */ = {isa = PBXBuildFile; fileRef = 4F39A3CF1CF3607A004E37E8 /* LJTabBarController.m */; };
		4FDDE0A51CF48FCA00B321EA /* LJHomeViewController.m in Sources */ = {isa = PBXBuildFile; fileRef = 4FDDE0A41CF48FCA00B321EA /* LJHomeViewController.m */; };
		4FDDE0A71CF48FD900B321EA /* Home.storyboard in Resources */ = {isa = PBXBuildFile; fileRef = 4FDDE0A61CF48FD900B321EA /* Home.storyboard */; };
		4FDDE0AA1CF4900600B321EA /* LJMeViewController.m in Sources */ = {isa = PBXBuildFile; fileRef = 4FDDE0A91CF4900600B321EA /* LJMeViewController.m */; };
		4FDDE0AC1CF4901400B321EA /* Me.storyboard in Resources */ = {isa = PBXBuildFile; fileRef = 4FDDE0AB1CF4901400B321EA /* Me.storyboard */; };
		4FDDE0AF1CF4903800B321EA /* LJMessageViewController.m in Sources */ = {isa = PBXBuildFile; fileRef = 4FDDE0AE1CF4903800B321EA /* LJMessageViewController.m */; };
		4FDDE0B11CF4904300B321EA /* Message.storyboard in Resources */ = {isa = PBXBuildFile; fileRef = 4FDDE0B01CF4904300B321EA /* Message.storyboard */; };
		4FDDE0B31CF490DB00B321EA /* Main.storyboard in Resources */ = {isa = PBXBuildFile; fileRef = 4FDDE0B21CF490DB00B321EA /* Main.storyboard */; };
		4FDDE0B61CF4998300B321EA /* LJBaseViewController.m in Sources */ = {isa = PBXBuildFile; fileRef = 4FDDE0B51CF4998300B321EA /* LJBaseViewController.m */; };
		4FDDE0BC1CF49E3E00B321EA /* LJNavViewController.m in Sources */ = {isa = PBXBuildFile; fileRef = 4FDDE0BB1CF49E3E00B321EA /* LJNavViewController.m */; };
/* End PBXBuildFile section */

/* Begin PBXFileReference section */
		4F39A39D1CF33A50004E37E8 /* LJDemo.app */ = {isa = PBXFileReference; explicitFileType = wrapper.application; includeInIndex = 0; path = LJDemo.app; sourceTree = BUILT_PRODUCTS_DIR; };
		4F39A3A11CF33A50004E37E8 /* main.m */ = {isa = PBXFileReference; lastKnownFileType = sourcecode.c.objc; path = main.m; sourceTree = "<group>"; };
		4F39A3AC1CF33A50004E37E8 /* Assets.xcassets */ = {isa = PBXFileReference; lastKnownFileType = folder.assetcatalog; path = Assets.xcassets; sourceTree = "<group>"; };
		4F39A3AF1CF33A50004E37E8 /* Base */ = {isa = PBXFileReference; lastKnownFileType = file.storyboard; name = Base; path = Base.lproj/LaunchScreen.storyboard; sourceTree = "<group>"; };
		4F39A3B11CF33A50004E37E8 /* Info.plist */ = {isa = PBXFileReference; lastKnownFileType = text.plist.xml; path = Info.plist; sourceTree = "<group>"; };
		4F39A3C91CF358E6004E37E8 /* AppDelegate.h */ = {isa = PBXFileReference; fileEncoding = 4; lastKnownFileType = sourcecode.c.h; path = AppDelegate.h; sourceTree = "<group>"; };
		4F39A3CA1CF358E6004E37E8 /* AppDelegate.m */ = {isa = PBXFileReference; fileEncoding = 4; lastKnownFileType = sourcecode.c.objc; path = AppDelegate.m; sourceTree = "<group>"; };
		4F39A3CE1CF3607A004E37E8 /* LJTabBarController.h */ = {isa = PBXFileReference; fileEncoding = 4; lastKnownFileType = sourcecode.c.h; path = LJTabBarController.h; sourceTree = "<group>"; };
		4F39A3CF1CF3607A004E37E8 /* LJTabBarController.m */ = {isa = PBXFileReference; fileEncoding = 4; lastKnownFileType = sourcecode.c.objc; path = LJTabBarController.m; sourceTree = "<group>"; };
		4FDDE0A31CF48FCA00B321EA /* LJHomeViewController.h */ = {isa = PBXFileReference; fileEncoding = 4; lastKnownFileType = sourcecode.c.h; path = LJHomeViewController.h; sourceTree = "<group>"; };
		4FDDE0A41CF48FCA00B321EA /* LJHomeViewController.m */ = {isa = PBXFileReference; fileEncoding = 4; lastKnownFileType = sourcecode.c.objc; path = LJHomeViewController.m; sourceTree = "<group>"; };
		4FDDE0A61CF48FD900B321EA /* Home.storyboard */ = {isa = PBXFileReference; fileEncoding = 4; lastKnownFileType = file.storyboard; path = Home.storyboard; sourceTree = "<group>"; };
		4FDDE0A81CF4900600B321EA /* LJMeViewController.h */ = {isa = PBXFileReference; fileEncoding = 4; lastKnownFileType = sourcecode.c.h; path = LJMeViewController.h; sourceTree = "<group>"; };
		4FDDE0A91CF4900600B321EA /* LJMeViewController.m */ = {isa = PBXFileReference; fileEncoding = 4; lastKnownFileType = sourcecode.c.objc; path = LJMeViewController.m; sourceTree = "<group>"; };
		4FDDE0AB1CF4901400B321EA /* Me.storyboard */ = {isa = PBXFileReference; fileEncoding = 4; lastKnownFileType = file.storyboard; path = Me.storyboard; sourceTree = "<group>"; };
		4FDDE0AD1CF4903800B321EA /* LJMessageViewController.h */ = {isa = PBXFileReference; fileEncoding = 4; lastKnownFileType = sourcecode.c.h; path = LJMessageViewController.h; sourceTree = "<group>"; };
		4FDDE0AE1CF4903800B321EA /* LJMessageViewController.m */ = {isa = PBXFileReference; fileEncoding = 4; lastKnownFileType = sourcecode.c.objc; path = LJMessageViewController.m; sourceTree = "<group>"; };
		4FDDE0B01CF4904300B321EA /* Message.storyboard */ = {isa = PBXFileReference; fileEncoding = 4; lastKnownFileType = file.storyboard; path = Message.storyboard; sourceTree = "<group>"; };
		4FDDE0B21CF490DB00B321EA /* Main.storyboard */ = {isa = PBXFileReference; fileEncoding = 4; lastKnownFileType = file.storyboard; path = Main.storyboard; sourceTree = "<group>"; };
		4FDDE0B41CF4998300B321EA /* LJBaseViewController.h */ = {isa = PBXFileReference; fileEncoding = 4; lastKnownFileType = sourcecode.c.h; path = LJBaseViewController.h; sourceTree = "<group>"; };
		4FDDE0B51CF4998300B321EA /* LJBaseViewController.m */ = {isa = PBXFileReference; fileEncoding = 4; lastKnownFileType = sourcecode.c.objc; path = LJBaseViewController.m; sourceTree = "<group>"; };
		4FDDE0BA1CF49E3E00B321EA /* LJNavViewController.h */ = {isa = PBXFileReference; fileEncoding = 4; lastKnownFileType = sourcecode.c.h; path = LJNavViewController.h; sourceTree = "<group>"; };
		4FDDE0BB1CF49E3E00B321EA /* LJNavViewController.m */ = {isa = PBXFileReference; fileEncoding = 4; lastKnownFileType = sourcecode.c.objc; path = LJNavViewController.m; sourceTree = "<group>"; };
/* End PBXFileReference section */

/* Begin PBXFrameworksBuildPhase section */
		4F39A39A1CF33A50004E37E8 /* Frameworks */ = {
			isa = PBXFrameworksBuildPhase;
			buildActionMask = 2147483647;
			files = (
			);
			runOnlyForDeploymentPostprocessing = 0;
		};
/* End PBXFrameworksBuildPhase section */

/* Begin PBXGroup section */
		4F39A3941CF33A50004E37E8 = {
			isa = PBXGroup;
			children = (
				4F39A39F1CF33A50004E37E8 /* LJDemo */,
				4F39A39E1CF33A50004E37E8 /* Products */,
			);
			sourceTree = "<group>";
		};
		4F39A39E1CF33A50004E37E8 /* Products */ = {
			isa = PBXGroup;
			children = (
				4F39A39D1CF33A50004E37E8 /* LJDemo.app */,
			);
			name = Products;
			sourceTree = "<group>";
		};
		4F39A39F1CF33A50004E37E8 /* LJDemo */ = {
			isa = PBXGroup;
			children = (
				4F39A3B71CF358A7004E37E8 /* Classes */,
				4F39A3A01CF33A50004E37E8 /* Supporting Files */,
			);
			path = LJDemo;
			sourceTree = "<group>";
		};
		4F39A3A01CF33A50004E37E8 /* Supporting Files */ = {
			isa = PBXGroup;
			children = (
				4F39A3AC1CF33A50004E37E8 /* Assets.xcassets */,
				4F39A3AE1CF33A50004E37E8 /* LaunchScreen.storyboard */,
				4F39A3B11CF33A50004E37E8 /* Info.plist */,
				4F39A3A11CF33A50004E37E8 /* main.m */,
			);
			name = "Supporting Files";
			sourceTree = "<group>";
		};
		4F39A3B71CF358A7004E37E8 /* Classes */ = {
			isa = PBXGroup;
			children = (
				4F39A3B81CF358A7004E37E8 /* Home */,
				4F39A3BC1CF358A7004E37E8 /* Main */,
				4F39A3C01CF358A7004E37E8 /* Me */,
				4F39A3C41CF358A7004E37E8 /* Message */,
			);
			path = Classes;
			sourceTree = "<group>";
		};
		4F39A3B81CF358A7004E37E8 /* Home */ = {
			isa = PBXGroup;
			children = (
				4F39A3B91CF358A7004E37E8 /* Controller */,
				4F39A3BA1CF358A7004E37E8 /* Model */,
				4F39A3BB1CF358A7004E37E8 /* View */,
			);
			path = Home;
			sourceTree = "<group>";
		};
		4F39A3B91CF358A7004E37E8 /* Controller */ = {
			isa = PBXGroup;
			children = (
				4FDDE0A31CF48FCA00B321EA /* LJHomeViewController.h */,
				4FDDE0A41CF48FCA00B321EA /* LJHomeViewController.m */,
			);
			path = Controller;
			sourceTree = "<group>";
		};
		4F39A3BA1CF358A7004E37E8 /* Model */ = {
			isa = PBXGroup;
			children = (
			);
			path = Model;
			sourceTree = "<group>";
		};
		4F39A3BB1CF358A7004E37E8 /* View */ = {
			isa = PBXGroup;
			children = (
				4FDDE0A61CF48FD900B321EA /* Home.storyboard */,
			);
			path = View;
			sourceTree = "<group>";
		};
		4F39A3BC1CF358A7004E37E8 /* Main */ = {
			isa = PBXGroup;
			children = (
				4F39A3C81CF358D4004E37E8 /* Other */,
				4F39A3BD1CF358A7004E37E8 /* Controller */,
				4F39A3BE1CF358A7004E37E8 /* Model */,
				4F39A3BF1CF358A7004E37E8 /* View */,
			);
			path = Main;
			sourceTree = "<group>";
		};
		4F39A3BD1CF358A7004E37E8 /* Controller */ = {
			isa = PBXGroup;
			children = (
				4F39A3CE1CF3607A004E37E8 /* LJTabBarController.h */,
				4F39A3CF1CF3607A004E37E8 /* LJTabBarController.m */,
				4FDDE0B41CF4998300B321EA /* LJBaseViewController.h */,
				4FDDE0B51CF4998300B321EA /* LJBaseViewController.m */,
				4FDDE0BA1CF49E3E00B321EA /* LJNavViewController.h */,
				4FDDE0BB1CF49E3E00B321EA /* LJNavViewController.m */,
			);
			path = Controller;
			sourceTree = "<group>";
		};
		4F39A3BE1CF358A7004E37E8 /* Model */ = {
			isa = PBXGroup;
			children = (
			);
			path = Model;
			sourceTree = "<group>";
		};
		4F39A3BF1CF358A7004E37E8 /* View */ = {
			isa = PBXGroup;
			children = (
				4FDDE0B21CF490DB00B321EA /* Main.storyboard */,
			);
			path = View;
			sourceTree = "<group>";
		};
		4F39A3C01CF358A7004E37E8 /* Me */ = {
			isa = PBXGroup;
			children = (
				4F39A3C11CF358A7004E37E8 /* Controller */,
				4F39A3C21CF358A7004E37E8 /* Model */,
				4F39A3C31CF358A7004E37E8 /* View */,
			);
			path = Me;
			sourceTree = "<group>";
		};
		4F39A3C11CF358A7004E37E8 /* Controller */ = {
			isa = PBXGroup;
			children = (
				4FDDE0A81CF4900600B321EA /* LJMeViewController.h */,
				4FDDE0A91CF4900600B321EA /* LJMeViewController.m */,
			);
			path = Controller;
			sourceTree = "<group>";
		};
		4F39A3C21CF358A7004E37E8 /* Model */ = {
			isa = PBXGroup;
			children = (
			);
			path = Model;
			sourceTree = "<group>";
		};
		4F39A3C31CF358A7004E37E8 /* View */ = {
			isa = PBXGroup;
			children = (
				4FDDE0AB1CF4901400B321EA /* Me.storyboard */,
			);
			path = View;
			sourceTree = "<group>";
		};
		4F39A3C41CF358A7004E37E8 /* Message */ = {
			isa = PBXGroup;
			children = (
				4F39A3C51CF358A7004E37E8 /* Controller */,
				4F39A3C61CF358A7004E37E8 /* Model */,
				4F39A3C71CF358A7004E37E8 /* View */,
			);
			path = Message;
			sourceTree = "<group>";
		};
		4F39A3C51CF358A7004E37E8 /* Controller */ = {
			isa = PBXGroup;
			children = (
				4FDDE0AD1CF4903800B321EA /* LJMessageViewController.h */,
				4FDDE0AE1CF4903800B321EA /* LJMessageViewController.m */,
			);
			path = Controller;
			sourceTree = "<group>";
		};
		4F39A3C61CF358A7004E37E8 /* Model */ = {
			isa = PBXGroup;
			children = (
			);
			path = Model;
			sourceTree = "<group>";
		};
		4F39A3C71CF358A7004E37E8 /* View */ = {
			isa = PBXGroup;
			children = (
				4FDDE0B01CF4904300B321EA /* Message.storyboard */,
			);
			path = View;
			sourceTree = "<group>";
		};
		4F39A3C81CF358D4004E37E8 /* Other */ = {
			isa = PBXGroup;
			children = (
				4F39A3C91CF358E6004E37E8 /* AppDelegate.h */,
				4F39A3CA1CF358E6004E37E8 /* AppDelegate.m */,
			);
			path = Other;
			sourceTree = "<group>";
		};
/* End PBXGroup section */

/* Begin PBXNativeTarget section */
		4F39A39C1CF33A50004E37E8 /* LJDemo */ = {
			isa = PBXNativeTarget;
			buildConfigurationList = 4F39A3B41CF33A50004E37E8 /* Build configuration list for PBXNativeTarget "LJDemo" */;
			buildPhases = (
				4F39A3991CF33A50004E37E8 /* Sources */,
				4F39A39A1CF33A50004E37E8 /* Frameworks */,
				4F39A39B1CF33A50004E37E8 /* Resources */,
			);
			buildRules = (
			);
			dependencies = (
			);
			name = LJDemo;
			productName = LJDemo;
			productReference = 4F39A39D1CF33A50004E37E8 /* LJDemo.app */;
			productType = "com.apple.product-type.application";
		};
/* End PBXNativeTarget section */

/* Begin PBXProject section */
		4F39A3951CF33A50004E37E8 /* Project object */ = {
			isa = PBXProject;
			attributes = {
				LastUpgradeCheck = 0730;
				ORGANIZATIONNAME = "黄花菜";
				TargetAttributes = {
					4F39A39C1CF33A50004E37E8 = {
						CreatedOnToolsVersion = 7.3;
					};
				};
			};
			buildConfigurationList = 4F39A3981CF33A50004E37E8 /* Build configuration list for PBXProject "LJDemo" */;
			compatibilityVersion = "Xcode 3.2";
			developmentRegion = English;
			hasScannedForEncodings = 0;
			knownRegions = (
				en,
				Base,
			);
			mainGroup = 4F39A3941CF33A50004E37E8;
			productRefGroup = 4F39A39E1CF33A50004E37E8 /* Products */;
			projectDirPath = "";
			projectRoot = "";
			targets = (
				4F39A39C1CF33A50004E37E8 /* LJDemo */,
			);
		};
/* End PBXProject section */

/* Begin PBXResourcesBuildPhase section */
		4F39A39B1CF33A50004E37E8 /* Resources */ = {
			isa = PBXResourcesBuildPhase;
			buildActionMask = 2147483647;
			files = (
				4FDDE0A71CF48FD900B321EA /* Home.storyboard in Resources */,
				4F39A3B01CF33A50004E37E8 /* LaunchScreen.storyboard in Resources */,
				4FDDE0B11CF4904300B321EA /* Message.storyboard in Resources */,
				4FDDE0B31CF490DB00B321EA /* Main.storyboard in Resources */,
				4FDDE0AC1CF4901400B321EA /* Me.storyboard in Resources */,
				4F39A3AD1CF33A50004E37E8 /* Assets.xcassets in Resources */,
			);
			runOnlyForDeploymentPostprocessing = 0;
		};
/* End PBXResourcesBuildPhase section */

/* Begin PBXSourcesBuildPhase section */
		4F39A3991CF33A50004E37E8 /* Sources */ = {
			isa = PBXSourcesBuildPhase;
			buildActionMask = 2147483647;
			files = (
				4FDDE0B61CF4998300B321EA /* LJBaseViewController.m in Sources */,
				4FDDE0AF1CF4903800B321EA /* LJMessageViewController.m in Sources */,
				4FDDE0BC1CF49E3E00B321EA /* LJNavViewController.m in Sources */,
				4FDDE0A51CF48FCA00B321EA /* LJHomeViewController.m in Sources */,
				4F39A3CB1CF358E6004E37E8 /* AppDelegate.m in Sources */,
				4FDDE0AA1CF4900600B321EA /* LJMeViewController.m in Sources */,
				4F39A3D01CF3607A004E37E8 /* LJTabBarController.m in Sources */,
				4F39A3A21CF33A50004E37E8 /* main.m in Sources */,
			);
			runOnlyForDeploymentPostprocessing = 0;
		};
/* End PBXSourcesBuildPhase section */

/* Begin PBXVariantGroup section */
		4F39A3AE1CF33A50004E37E8 /* LaunchScreen.storyboard */ = {
			isa = PBXVariantGroup;
			children = (
				4F39A3AF1CF33A50004E37E8 /* Base */,
			);
			name = LaunchScreen.storyboard;
			sourceTree = "<group>";
		};
/* End PBXVariantGroup section */

/* Begin XCBuildConfiguration section */
		4F39A3B21CF33A50004E37E8 /* Debug */ = {
			isa = XCBuildConfiguration;
			buildSettings = {
				ALWAYS_SEARCH_USER_PATHS = NO;
				CLANG_ANALYZER_NONNULL = YES;
				CLANG_CXX_LANGUAGE_STANDARD = "gnu++0x";
				CLANG_CXX_LIBRARY = "libc++";
				CLANG_ENABLE_MODULES = YES;
				CLANG_ENABLE_OBJC_ARC = YES;
				CLANG_WARN_BOOL_CONVERSION = YES;
				CLANG_WARN_CONSTANT_CONVERSION = YES;
				CLANG_WARN_DIRECT_OBJC_ISA_USAGE = YES_ERROR;
				CLANG_WARN_EMPTY_BODY = YES;
				CLANG_WARN_ENUM_CONVERSION = YES;
				CLANG_WARN_INT_CONVERSION = YES;
				CLANG_WARN_OBJC_ROOT_CLASS = YES_ERROR;
				CLANG_WARN_UNREACHABLE_CODE = YES;
				CLANG_WARN__DUPLICATE_METHOD_MATCH = YES;
				"CODE_SIGN_IDENTITY[sdk=iphoneos*]" = "iPhone Developer";
				COPY_PHASE_STRIP = NO;
				DEBUG_INFORMATION_FORMAT = dwarf;
				ENABLE_STRICT_OBJC_MSGSEND = YES;
				ENABLE_TESTABILITY = YES;
				GCC_C_LANGUAGE_STANDARD = gnu99;
				GCC_DYNAMIC_NO_PIC = NO;
				GCC_NO_COMMON_BLOCKS = YES;
				GCC_OPTIMIZATION_LEVEL = 0;
				GCC_PREPROCESSOR_DEFINITIONS = (
					"DEBUG=1",
					"$(inherited)",
				);
				GCC_WARN_64_TO_32_BIT_CONVERSION = YES;
				GCC_WARN_ABOUT_RETURN_TYPE = YES_ERROR;
				GCC_WARN_UNDECLARED_SELECTOR = YES;
				GCC_WARN_UNINITIALIZED_AUTOS = YES_AGGRESSIVE;
				GCC_WARN_UNUSED_FUNCTION = YES;
				GCC_WARN_UNUSED_VARIABLE = YES;
				IPHONEOS_DEPLOYMENT_TARGET = 9.3;
				MTL_ENABLE_DEBUG_INFO = YES;
				ONLY_ACTIVE_ARCH = YES;
				SDKROOT = iphoneos;
			};
			name = Debug;
		};
		4F39A3B31CF33A50004E37E8 /* Release */ = {
			isa = XCBuildConfiguration;
			buildSettings = {
				ALWAYS_SEARCH_USER_PATHS = NO;
				CLANG_ANALYZER_NONNULL = YES;
				CLANG_CXX_LANGUAGE_STANDARD = "gnu++0x";
				CLANG_CXX_LIBRARY = "libc++";
				CLANG_ENABLE_MODULES = YES;
				CLANG_ENABLE_OBJC_ARC = YES;
				CLANG_WARN_BOOL_CONVERSION = YES;
				CLANG_WARN_CONSTANT_CONVERSION = YES;
				CLANG_WARN_DIRECT_OBJC_ISA_USAGE = YES_ERROR;
				CLANG_WARN_EMPTY_BODY = YES;
				CLANG_WARN_ENUM_CONVERSION = YES;
				CLANG_WARN_INT_CONVERSION = YES;
				CLANG_WARN_OBJC_ROOT_CLASS = YES_ERROR;
				CLANG_WARN_UNREACHABLE_CODE = YES;
				CLANG_WARN__DUPLICATE_METHOD_MATCH = YES;
				"CODE_SIGN_IDENTITY[sdk=iphoneos*]" = "iPhone Developer";
				COPY_PHASE_STRIP = NO;
				DEBUG_INFORMATION_FORMAT = "dwarf-with-dsym";
				ENABLE_NS_ASSERTIONS = NO;
				ENABLE_STRICT_OBJC_MSGSEND = YES;
				GCC_C_LANGUAGE_STANDARD = gnu99;
				GCC_NO_COMMON_BLOCKS = YES;
				GCC_WARN_64_TO_32_BIT_CONVERSION = YES;
				GCC_WARN_ABOUT_RETURN_TYPE = YES_ERROR;
				GCC_WARN_UNDECLARED_SELECTOR = YES;
				GCC_WARN_UNINITIALIZED_AUTOS = YES_AGGRESSIVE;
				GCC_WARN_UNUSED_FUNCTION = YES;
				GCC_WARN_UNUSED_VARIABLE = YES;
				IPHONEOS_DEPLOYMENT_TARGET = 9.3;
				MTL_ENABLE_DEBUG_INFO = NO;
				SDKROOT = iphoneos;
				VALIDATE_PRODUCT = YES;
			};
			name = Release;
		};
		4F39A3B51CF33A50004E37E8 /* Debug */ = {
			isa = XCBuildConfiguration;
			buildSettings = {
				ASSETCATALOG_COMPILER_APPICON_NAME = AppIcon;
				INFOPLIST_FILE = LJDemo/Info.plist;
				IPHONEOS_DEPLOYMENT_TARGET = 8.0;
				LD_RUNPATH_SEARCH_PATHS = "$(inherited) @executable_path/Frameworks";
				PRODUCT_BUNDLE_IDENTIFIER = com.huanghuacai.LJDemo;
				PRODUCT_NAME = "$(TARGET_NAME)";
			};
			name = Debug;
		};
		4F39A3B61CF33A50004E37E8 /* Release */ = {
			isa = XCBuildConfiguration;
			buildSettings = {
				ASSETCATALOG_COMPILER_APPICON_NAME = AppIcon;
				INFOPLIST_FILE = LJDemo/Info.plist;
				IPHONEOS_DEPLOYMENT_TARGET = 8.0;
				LD_RUNPATH_SEARCH_PATHS = "$(inherited) @executable_path/Frameworks";
				PRODUCT_BUNDLE_IDENTIFIER = com.huanghuacai.LJDemo;
				PRODUCT_NAME = "$(TARGET_NAME)";
			};
			name = Release;
		};
/* End XCBuildConfiguration section */

/* Begin XCConfigurationList section */
		4F39A3981CF33A50004E37E8 /* Build configuration list for PBXProject "LJDemo" */ = {
			isa = XCConfigurationList;
			buildConfigurations = (
				4F39A3B21CF33A50004E37E8 /* Debug */,
				4F39A3B31CF33A50004E37E8 /* Release */,
			);
			defaultConfigurationIsVisible = 0;
			defaultConfigurationName = Release;
		};
		4F39A3B41CF33A50004E37E8 /* Build configuration list for PBXNativeTarget "LJDemo" */ = {
			isa = XCConfigurationList;
			buildConfigurations = (
				4F39A3B51CF33A50004E37E8 /* Debug */,
				4F39A3B61CF33A50004E37E8 /* Release */,
			);
			defaultConfigurationIsVisible = 0;
			defaultConfigurationName = Release;
		};
/* End XCConfigurationList section */
	};
	rootObject = 4F39A3951CF33A50004E37E8 /* Project object */;
}
