// !$*UTF8*$!
{
	archiveVersion = 1;
	classes = {
	};
	objectVersion = 46;
	objects = {

/* Begin PBXBuildFile section */
		4F04F5521CF7B3B8005437F6 /* LJCreditCenterViewController.m in Sources */ = {isa = PBXBuildFile; fileRef = 4F04F5501CF7B3B8005437F6 /* LJCreditCenterViewController.m */; };
		4F04F5531CF7B3B8005437F6 /* LJCreditCenterViewController.xib in Resources */ = {isa = PBXBuildFile; fileRef = 4F04F5511CF7B3B8005437F6 /* LJCreditCenterViewController.xib */; };
		4F04F5571CF7B3EC005437F6 /* LJMyCouponsViewController.m in Sources */ = {isa = PBXBuildFile; fileRef = 4F04F5551CF7B3EC005437F6 /* LJMyCouponsViewController.m */; };
		4F04F5581CF7B3EC005437F6 /* LJMyCouponsViewController.xib in Resources */ = {isa = PBXBuildFile; fileRef = 4F04F5561CF7B3EC005437F6 /* LJMyCouponsViewController.xib */; };
		4F04F5601CF7B4FF005437F6 /* LJLoginViewController.m in Sources */ = {isa = PBXBuildFile; fileRef = 4F04F55E1CF7B4FF005437F6 /* LJLoginViewController.m */; };
		4F04F5611CF7B4FF005437F6 /* LJLoginViewController.xib in Resources */ = {isa = PBXBuildFile; fileRef = 4F04F55F1CF7B4FF005437F6 /* LJLoginViewController.xib */; };
		4F188ADA1D00F1F7005002EB /* LJHtmlWapViewController.m in Sources */ = {isa = PBXBuildFile; fileRef = 4F188AD91D00F1F7005002EB /* LJHtmlWapViewController.m */; };
		4F188ADE1D00F2FA005002EB /* LJPEHomeViewController.m in Sources */ = {isa = PBXBuildFile; fileRef = 4F188ADC1D00F2FA005002EB /* LJPEHomeViewController.m */; };
		4F188ADF1D00F2FA005002EB /* LJPEHomeViewController.xib in Resources */ = {isa = PBXBuildFile; fileRef = 4F188ADD1D00F2FA005002EB /* LJPEHomeViewController.xib */; };
		4F2BC6A71CF9E0F1006923BB /* LJHouseEnterCell.m in Sources */ = {isa = PBXBuildFile; fileRef = 4F2BC6A51CF9E0F1006923BB /* LJHouseEnterCell.m */; };
		4F2BC6A81CF9E0F1006923BB /* LJHouseEnterCell.xib in Resources */ = {isa = PBXBuildFile; fileRef = 4F2BC6A61CF9E0F1006923BB /* LJHouseEnterCell.xib */; };
		4F2BC6AC1CF9F021006923BB /* LJBannerCell.m in Sources */ = {isa = PBXBuildFile; fileRef = 4F2BC6AA1CF9F021006923BB /* LJBannerCell.m */; };
		4F2BC6AD1CF9F021006923BB /* LJBannerCell.xib in Resources */ = {isa = PBXBuildFile; fileRef = 4F2BC6AB1CF9F021006923BB /* LJBannerCell.xib */; };
		4F2BC6B11CF9F692006923BB /* LJAssistantCell.m in Sources */ = {isa = PBXBuildFile; fileRef = 4F2BC6AF1CF9F692006923BB /* LJAssistantCell.m */; };
		4F2BC6B21CF9F692006923BB /* LJAssistantCell.xib in Resources */ = {isa = PBXBuildFile; fileRef = 4F2BC6B01CF9F692006923BB /* LJAssistantCell.xib */; };
		4F2BC6B51CF9F963006923BB /* LJAssistantItemView.m in Sources */ = {isa = PBXBuildFile; fileRef = 4F2BC6B41CF9F963006923BB /* LJAssistantItemView.m */; };
		4F2BC6B71CF9F973006923BB /* LJAssistantItemView.xib in Resources */ = {isa = PBXBuildFile; fileRef = 4F2BC6B61CF9F973006923BB /* LJAssistantItemView.xib */; };
		4F2BC6BB1CF9FC67006923BB /* LJHousePriceCell.m in Sources */ = {isa = PBXBuildFile; fileRef = 4F2BC6B91CF9FC67006923BB /* LJHousePriceCell.m */; };
		4F2BC6BC1CF9FC67006923BB /* LJHousePriceCell.xib in Resources */ = {isa = PBXBuildFile; fileRef = 4F2BC6BA1CF9FC67006923BB /* LJHousePriceCell.xib */; };
		4F39A3A21CF33A50004E37E8 /* main.m in Sources */ = {isa = PBXBuildFile; fileRef = 4F39A3A11CF33A50004E37E8 /* main.m */; };
		4F39A3AD1CF33A50004E37E8 /* Assets.xcassets in Resources */ = {isa = PBXBuildFile; fileRef = 4F39A3AC1CF33A50004E37E8 /* Assets.xcassets */; };
		4F39A3B01CF33A50004E37E8 /* LaunchScreen.storyboard in Resources */ = {isa = PBXBuildFile; fileRef = 4F39A3AE1CF33A50004E37E8 /* LaunchScreen.storyboard */; };
		4F3B80251CF91CF100784F3E /* LJLoginThirdPartView.m in Sources */ = {isa = PBXBuildFile; fileRef = 4F3B80241CF91CF100784F3E /* LJLoginThirdPartView.m */; };
		4F3B80271CF91D0100784F3E /* LJLoginThirdPartView.xib in Resources */ = {isa = PBXBuildFile; fileRef = 4F3B80261CF91D0100784F3E /* LJLoginThirdPartView.xib */; };
		4F3B80511CF976F300784F3E /* UIView+LJExtension.m in Sources */ = {isa = PBXBuildFile; fileRef = 4F3B80501CF976F300784F3E /* UIView+LJExtension.m */; };
		4F43990C1D007BEA000B93DE /* NSArray+Log.m in Sources */ = {isa = PBXBuildFile; fileRef = 4F43990B1D007BEA000B93DE /* NSArray+Log.m */; };
		4F43990F1D00838F000B93DE /* LJSaleHouseListViewController.m in Sources */ = {isa = PBXBuildFile; fileRef = 4F43990E1D00838F000B93DE /* LJSaleHouseListViewController.m */; };
		4F4399121D0083E4000B93DE /* LJCustomSelectionMenu.m in Sources */ = {isa = PBXBuildFile; fileRef = 4F4399111D0083E4000B93DE /* LJCustomSelectionMenu.m */; };
		4F43991D1D0085F2000B93DE /* LJSellerEntrancePageController.m in Sources */ = {isa = PBXBuildFile; fileRef = 4F43991B1D0085F2000B93DE /* LJSellerEntrancePageController.m */; };
		4F43991E1D0085F2000B93DE /* LJSellerEntrancePageController.xib in Resources */ = {isa = PBXBuildFile; fileRef = 4F43991C1D0085F2000B93DE /* LJSellerEntrancePageController.xib */; };
		4F4399231D008675000B93DE /* LJAreaAndSubway.plist in Resources */ = {isa = PBXBuildFile; fileRef = 4F4399211D008675000B93DE /* LJAreaAndSubway.plist */; };
		4F4399241D008675000B93DE /* LJCityDistrictInfo.plist in Resources */ = {isa = PBXBuildFile; fileRef = 4F4399221D008675000B93DE /* LJCityDistrictInfo.plist */; };
		4F4399291D00869E000B93DE /* seller_entrance_640x960.jpg in Resources */ = {isa = PBXBuildFile; fileRef = 4F4399251D00869E000B93DE /* seller_entrance_640x960.jpg */; };
		4F43992A1D00869E000B93DE /* seller_entrance_640x1136.jpg in Resources */ = {isa = PBXBuildFile; fileRef = 4F4399261D00869E000B93DE /* seller_entrance_640x1136.jpg */; };
		4F43992B1D00869E000B93DE /* seller_entrance_750x1334.jpg in Resources */ = {isa = PBXBuildFile; fileRef = 4F4399271D00869E000B93DE /* seller_entrance_750x1334.jpg */; };
		4F43992C1D00869E000B93DE /* seller_entrance_1242x2208.jpg in Resources */ = {isa = PBXBuildFile; fileRef = 4F4399281D00869E000B93DE /* seller_entrance_1242x2208.jpg */; };
		4F4A1D6C1D01CAF500413C91 /* LJButton.m in Sources */ = {isa = PBXBuildFile; fileRef = 4F4A1D6B1D01CAF500413C91 /* LJButton.m */; };
		4F4C112F1CFA75DE00D99DD5 /* LJKnowledgeTitleCell.m in Sources */ = {isa = PBXBuildFile; fileRef = 4F4C112D1CFA75DE00D99DD5 /* LJKnowledgeTitleCell.m */; };
		4F4C11301CFA75DE00D99DD5 /* LJKnowledgeTitleCell.xib in Resources */ = {isa = PBXBuildFile; fileRef = 4F4C112E1CFA75DE00D99DD5 /* LJKnowledgeTitleCell.xib */; };
		4F4C11341CFA760500D99DD5 /* LJKnowledgeInfoCell.m in Sources */ = {isa = PBXBuildFile; fileRef = 4F4C11321CFA760500D99DD5 /* LJKnowledgeInfoCell.m */; };
		4F4C11351CFA760500D99DD5 /* LJKnowledgeInfoCell.xib in Resources */ = {isa = PBXBuildFile; fileRef = 4F4C11331CFA760500D99DD5 /* LJKnowledgeInfoCell.xib */; };
		4F4C11381CFA926600D99DD5 /* LJErrorView.m in Sources */ = {isa = PBXBuildFile; fileRef = 4F4C11371CFA926600D99DD5 /* LJErrorView.m */; };
		4F4C113A1CFA927C00D99DD5 /* LJErrorView.xib in Resources */ = {isa = PBXBuildFile; fileRef = 4F4C11391CFA927C00D99DD5 /* LJErrorView.xib */; };
		4F8AF7E81D03BB0100E18588 /* LJCustomDistrictAndSubwaySiftView.m in Sources */ = {isa = PBXBuildFile; fileRef = 4F8AF7E71D03BB0100E18588 /* LJCustomDistrictAndSubwaySiftView.m */; };
		4F8B43791D041254007F3EB6 /* LJCustomCommonSiftView.m in Sources */ = {isa = PBXBuildFile; fileRef = 4F8B43781D041254007F3EB6 /* LJCustomCommonSiftView.m */; };
		4F8B437B1D041297007F3EB6 /* LJCustomCommonSiftView.xib in Resources */ = {isa = PBXBuildFile; fileRef = 4F8B437A1D041297007F3EB6 /* LJCustomCommonSiftView.xib */; };
		4F8B437E1D041963007F3EB6 /* LJCustomSelectRoomView.m in Sources */ = {isa = PBXBuildFile; fileRef = 4F8B437D1D041963007F3EB6 /* LJCustomSelectRoomView.m */; };
		4F8B43801D04196E007F3EB6 /* LJCustomSelectRoomView.xib in Resources */ = {isa = PBXBuildFile; fileRef = 4F8B437F1D04196E007F3EB6 /* LJCustomSelectRoomView.xib */; };
		4F8B43831D041B98007F3EB6 /* LJCustomMoreView.m in Sources */ = {isa = PBXBuildFile; fileRef = 4F8B43821D041B98007F3EB6 /* LJCustomMoreView.m */; };
		4F8B43851D041C09007F3EB6 /* LJCustomMoreView.xib in Resources */ = {isa = PBXBuildFile; fileRef = 4F8B43841D041C09007F3EB6 /* LJCustomMoreView.xib */; };
		4F8B43911D0420B6007F3EB6 /* LJCustomMoreHeaderView.m in Sources */ = {isa = PBXBuildFile; fileRef = 4F8B43901D0420B6007F3EB6 /* LJCustomMoreHeaderView.m */; };
		4F98D1F71CF50F60001DDD78 /* LJHomePageViewController.m in Sources */ = {isa = PBXBuildFile; fileRef = 4F98D1D11CF50F60001DDD78 /* LJHomePageViewController.m */; };
		4F98D1F81CF50F60001DDD78 /* Home.storyboard in Resources */ = {isa = PBXBuildFile; fileRef = 4F98D1D41CF50F60001DDD78 /* Home.storyboard */; };
		4F98D1F91CF50F60001DDD78 /* LJBaseViewController.m in Sources */ = {isa = PBXBuildFile; fileRef = 4F98D1D81CF50F60001DDD78 /* LJBaseViewController.m */; };
		4F98D1FA1CF50F60001DDD78 /* LJNavigationController.m in Sources */ = {isa = PBXBuildFile; fileRef = 4F98D1DA1CF50F60001DDD78 /* LJNavigationController.m */; };
		4F98D1FB1CF50F60001DDD78 /* LJTabBarController.m in Sources */ = {isa = PBXBuildFile; fileRef = 4F98D1DC1CF50F60001DDD78 /* LJTabBarController.m */; };
		4F98D1FC1CF50F60001DDD78 /* AppDelegate.m in Sources */ = {isa = PBXBuildFile; fileRef = 4F98D1E01CF50F60001DDD78 /* AppDelegate.m */; };
		4F98D1FD1CF50F60001DDD78 /* Main.storyboard in Resources */ = {isa = PBXBuildFile; fileRef = 4F98D1E21CF50F60001DDD78 /* Main.storyboard */; };
		4F98D1FE1CF50F60001DDD78 /* LJMyInfoViewController.m in Sources */ = {isa = PBXBuildFile; fileRef = 4F98D1E61CF50F60001DDD78 /* LJMyInfoViewController.m */; };
		4F98D1FF1CF50F60001DDD78 /* LJAccountOverviewCell.m in Sources */ = {isa = PBXBuildFile; fileRef = 4F98D1EA1CF50F60001DDD78 /* LJAccountOverviewCell.m */; };
		4F98D2001CF50F60001DDD78 /* LJAccountOverviewCell.xib in Resources */ = {isa = PBXBuildFile; fileRef = 4F98D1EB1CF50F60001DDD78 /* LJAccountOverviewCell.xib */; };
		4F98D2011CF50F60001DDD78 /* LJMyInfoTableViewCell.m in Sources */ = {isa = PBXBuildFile; fileRef = 4F98D1ED1CF50F60001DDD78 /* LJMyInfoTableViewCell.m */; };
		4F98D2021CF50F60001DDD78 /* LJMyInfoTableViewCell.xib in Resources */ = {isa = PBXBuildFile; fileRef = 4F98D1EE1CF50F60001DDD78 /* LJMyInfoTableViewCell.xib */; };
		4F98D2031CF50F60001DDD78 /* Me.storyboard in Resources */ = {isa = PBXBuildFile; fileRef = 4F98D1EF1CF50F60001DDD78 /* Me.storyboard */; };
		4F98D2041CF50F60001DDD78 /* LJMessageViewController.m in Sources */ = {isa = PBXBuildFile; fileRef = 4F98D1F31CF50F60001DDD78 /* LJMessageViewController.m */; };
		4F98D2051CF50F60001DDD78 /* Message.storyboard in Resources */ = {isa = PBXBuildFile; fileRef = 4F98D1F61CF50F60001DDD78 /* Message.storyboard */; };
		4FB5AFCC1CF6616800A4B509 /* LJMyFollowedCommunityViewController.m in Sources */ = {isa = PBXBuildFile; fileRef = 4FB5AFCA1CF6616800A4B509 /* LJMyFollowedCommunityViewController.m */; };
		4FB5AFCD1CF6616800A4B509 /* LJMyFollowedCommunityViewController.xib in Resources */ = {isa = PBXBuildFile; fileRef = 4FB5AFCB1CF6616800A4B509 /* LJMyFollowedCommunityViewController.xib */; };
		4FB5AFD11CF661A600A4B509 /* LJMyFollowedHouseListViewController.m in Sources */ = {isa = PBXBuildFile; fileRef = 4FB5AFCF1CF661A600A4B509 /* LJMyFollowedHouseListViewController.m */; };
		4FB5AFD21CF661A600A4B509 /* LJMyFollowedHouseListViewController.xib in Resources */ = {isa = PBXBuildFile; fileRef = 4FB5AFD01CF661A600A4B509 /* LJMyFollowedHouseListViewController.xib */; };
		4FB5AFD61CF661DA00A4B509 /* LJFollowedBuildingListViewController.m in Sources */ = {isa = PBXBuildFile; fileRef = 4FB5AFD41CF661DA00A4B509 /* LJFollowedBuildingListViewController.m */; };
		4FB5AFD71CF661DA00A4B509 /* LJFollowedBuildingListViewController.xib in Resources */ = {isa = PBXBuildFile; fileRef = 4FB5AFD51CF661DA00A4B509 /* LJFollowedBuildingListViewController.xib */; };
		4FB5AFDB1CF6625C00A4B509 /* LJMySeenRecordViewController.m in Sources */ = {isa = PBXBuildFile; fileRef = 4FB5AFD91CF6625C00A4B509 /* LJMySeenRecordViewController.m */; };
		4FB5AFDC1CF6625C00A4B509 /* LJMySeenRecordViewController.xib in Resources */ = {isa = PBXBuildFile; fileRef = 4FB5AFDA1CF6625C00A4B509 /* LJMySeenRecordViewController.xib */; };
		4FB5AFE01CF662AA00A4B509 /* LJMyAskViewController.m in Sources */ = {isa = PBXBuildFile; fileRef = 4FB5AFDE1CF662AA00A4B509 /* LJMyAskViewController.m */; };
		4FB5AFE11CF662AA00A4B509 /* LJMyAskViewController.xib in Resources */ = {isa = PBXBuildFile; fileRef = 4FB5AFDF1CF662AA00A4B509 /* LJMyAskViewController.xib */; };
		4FB5AFEA1CF6637A00A4B509 /* LJInviteFriendsViewController.m in Sources */ = {isa = PBXBuildFile; fileRef = 4FB5AFE81CF6637A00A4B509 /* LJInviteFriendsViewController.m */; };
		4FB5AFEB1CF6637A00A4B509 /* LJInviteFriendsViewController.xib in Resources */ = {isa = PBXBuildFile; fileRef = 4FB5AFE91CF6637A00A4B509 /* LJInviteFriendsViewController.xib */; };
		4FB5AFEE1CF663EB00A4B509 /* LJCalculateViewController.m in Sources */ = {isa = PBXBuildFile; fileRef = 4FB5AFED1CF663EB00A4B509 /* LJCalculateViewController.m */; };
		4FB5AFF21CF6641C00A4B509 /* LCUserFeedbackViewController.m in Sources */ = {isa = PBXBuildFile; fileRef = 4FB5AFF01CF6641C00A4B509 /* LCUserFeedbackViewController.m */; };
		4FB5AFF31CF6641C00A4B509 /* LCUserFeedbackViewController.xib in Resources */ = {isa = PBXBuildFile; fileRef = 4FB5AFF11CF6641C00A4B509 /* LCUserFeedbackViewController.xib */; };
		4FB5AFFB1CF6648D00A4B509 /* LJSettingViewController.m in Sources */ = {isa = PBXBuildFile; fileRef = 4FB5AFFA1CF6648D00A4B509 /* LJSettingViewController.m */; };
		4FB5B0031CF6667900A4B509 /* LJGroup.m in Sources */ = {isa = PBXBuildFile; fileRef = 4FB5B0021CF6667900A4B509 /* LJGroup.m */; };
		4FB5B0061CF6668000A4B509 /* LJItem.m in Sources */ = {isa = PBXBuildFile; fileRef = 4FB5B0051CF6668000A4B509 /* LJItem.m */; };
		4FB5B0091CF667E800A4B509 /* LJItemArrow.m in Sources */ = {isa = PBXBuildFile; fileRef = 4FB5B0081CF667E800A4B509 /* LJItemArrow.m */; };
		4FB5B00C1CF6681F00A4B509 /* LJItemSwitch.m in Sources */ = {isa = PBXBuildFile; fileRef = 4FB5B00B1CF6681F00A4B509 /* LJItemSwitch.m */; };
		4FB7AE201CFF996B00807772 /* lianjia_rights.html in Resources */ = {isa = PBXBuildFile; fileRef = 4FB7AE1F1CFF996B00807772 /* lianjia_rights.html */; };
		4FB7AE271CFF9A6E00807772 /* LJSelecteCityViewController.m in Sources */ = {isa = PBXBuildFile; fileRef = 4FB7AE261CFF9A6E00807772 /* LJSelecteCityViewController.m */; };
		4FE6AA4D1D0442F400C31C5A /* LJSaleHouseMoreCell.m in Sources */ = {isa = PBXBuildFile; fileRef = 4FE6AA4B1D0442F400C31C5A /* LJSaleHouseMoreCell.m */; };
		4FE6AA4E1D0442F400C31C5A /* LJSaleHouseMoreCell.xib in Resources */ = {isa = PBXBuildFile; fileRef = 4FE6AA4C1D0442F400C31C5A /* LJSaleHouseMoreCell.xib */; };
		4FFDB9E51CFF26D400FD4109 /* LJKeyWordSearchViewController.m in Sources */ = {isa = PBXBuildFile; fileRef = 4FFDB9E31CFF26D400FD4109 /* LJKeyWordSearchViewController.m */; };
		4FFDB9E61CFF26D400FD4109 /* LJKeyWordSearchViewController.xib in Resources */ = {isa = PBXBuildFile; fileRef = 4FFDB9E41CFF26D400FD4109 /* LJKeyWordSearchViewController.xib */; };
		4FFDB9E91CFF275B00FD4109 /* LJNoDataMaskView.m in Sources */ = {isa = PBXBuildFile; fileRef = 4FFDB9E81CFF275B00FD4109 /* LJNoDataMaskView.m */; };
		4FFDB9EB1CFF276900FD4109 /* LJNoDataMaskView.xib in Resources */ = {isa = PBXBuildFile; fileRef = 4FFDB9EA1CFF276900FD4109 /* LJNoDataMaskView.xib */; };
		B8B67BA76E28A10AB1F71AC8 /* libPods.a in Frameworks */ = {isa = PBXBuildFile; fileRef = 71768DB75781E184D4DC0FA8 /* libPods.a */; };
/* End PBXBuildFile section */

/* Begin PBXFileReference section */
		2AFD90BEB14EF5EAEDAAD248 /* Pods.release.xcconfig */ = {isa = PBXFileReference; includeInIndex = 1; lastKnownFileType = text.xcconfig; name = Pods.release.xcconfig; path = "Pods/Target Support Files/Pods/Pods.release.xcconfig"; sourceTree = "<group>"; };
		4F04F54F1CF7B3B8005437F6 /* LJCreditCenterViewController.h */ = {isa = PBXFileReference; fileEncoding = 4; lastKnownFileType = sourcecode.c.h; path = LJCreditCenterViewController.h; sourceTree = "<group>"; };
		4F04F5501CF7B3B8005437F6 /* LJCreditCenterViewController.m */ = {isa = PBXFileReference; fileEncoding = 4; lastKnownFileType = sourcecode.c.objc; path = LJCreditCenterViewController.m; sourceTree = "<group>"; };
		4F04F5511CF7B3B8005437F6 /* LJCreditCenterViewController.xib */ = {isa = PBXFileReference; fileEncoding = 4; lastKnownFileType = file.xib; path = LJCreditCenterViewController.xib; sourceTree = "<group>"; };
		4F04F5541CF7B3EC005437F6 /* LJMyCouponsViewController.h */ = {isa = PBXFileReference; fileEncoding = 4; lastKnownFileType = sourcecode.c.h; path = LJMyCouponsViewController.h; sourceTree = "<group>"; };
		4F04F5551CF7B3EC005437F6 /* LJMyCouponsViewController.m */ = {isa = PBXFileReference; fileEncoding = 4; lastKnownFileType = sourcecode.c.objc; path = LJMyCouponsViewController.m; sourceTree = "<group>"; };
		4F04F5561CF7B3EC005437F6 /* LJMyCouponsViewController.xib */ = {isa = PBXFileReference; fileEncoding = 4; lastKnownFileType = file.xib; path = LJMyCouponsViewController.xib; sourceTree = "<group>"; };
		4F04F55D1CF7B4FF005437F6 /* LJLoginViewController.h */ = {isa = PBXFileReference; fileEncoding = 4; lastKnownFileType = sourcecode.c.h; path = LJLoginViewController.h; sourceTree = "<group>"; };
		4F04F55E1CF7B4FF005437F6 /* LJLoginViewController.m */ = {isa = PBXFileReference; fileEncoding = 4; lastKnownFileType = sourcecode.c.objc; path = LJLoginViewController.m; sourceTree = "<group>"; };
		4F04F55F1CF7B4FF005437F6 /* LJLoginViewController.xib */ = {isa = PBXFileReference; fileEncoding = 4; lastKnownFileType = file.xib; path = LJLoginViewController.xib; sourceTree = "<group>"; };
		4F188AD81D00F1F7005002EB /* LJHtmlWapViewController.h */ = {isa = PBXFileReference; fileEncoding = 4; lastKnownFileType = sourcecode.c.h; path = LJHtmlWapViewController.h; sourceTree = "<group>"; };
		4F188AD91D00F1F7005002EB /* LJHtmlWapViewController.m */ = {isa = PBXFileReference; fileEncoding = 4; lastKnownFileType = sourcecode.c.objc; path = LJHtmlWapViewController.m; sourceTree = "<group>"; };
		4F188ADB1D00F2FA005002EB /* LJPEHomeViewController.h */ = {isa = PBXFileReference; fileEncoding = 4; lastKnownFileType = sourcecode.c.h; path = LJPEHomeViewController.h; sourceTree = "<group>"; };
		4F188ADC1D00F2FA005002EB /* LJPEHomeViewController.m */ = {isa = PBXFileReference; fileEncoding = 4; lastKnownFileType = sourcecode.c.objc; path = LJPEHomeViewController.m; sourceTree = "<group>"; };
		4F188ADD1D00F2FA005002EB /* LJPEHomeViewController.xib */ = {isa = PBXFileReference; fileEncoding = 4; lastKnownFileType = file.xib; path = LJPEHomeViewController.xib; sourceTree = "<group>"; };
		4F2BC6A41CF9E0F1006923BB /* LJHouseEnterCell.h */ = {isa = PBXFileReference; fileEncoding = 4; lastKnownFileType = sourcecode.c.h; path = LJHouseEnterCell.h; sourceTree = "<group>"; };
		4F2BC6A51CF9E0F1006923BB /* LJHouseEnterCell.m */ = {isa = PBXFileReference; fileEncoding = 4; lastKnownFileType = sourcecode.c.objc; path = LJHouseEnterCell.m; sourceTree = "<group>"; };
		4F2BC6A61CF9E0F1006923BB /* LJHouseEnterCell.xib */ = {isa = PBXFileReference; fileEncoding = 4; lastKnownFileType = file.xib; path = LJHouseEnterCell.xib; sourceTree = "<group>"; };
		4F2BC6A91CF9F021006923BB /* LJBannerCell.h */ = {isa = PBXFileReference; fileEncoding = 4; lastKnownFileType = sourcecode.c.h; path = LJBannerCell.h; sourceTree = "<group>"; };
		4F2BC6AA1CF9F021006923BB /* LJBannerCell.m */ = {isa = PBXFileReference; fileEncoding = 4; lastKnownFileType = sourcecode.c.objc; path = LJBannerCell.m; sourceTree = "<group>"; };
		4F2BC6AB1CF9F021006923BB /* LJBannerCell.xib */ = {isa = PBXFileReference; fileEncoding = 4; lastKnownFileType = file.xib; path = LJBannerCell.xib; sourceTree = "<group>"; };
		4F2BC6AE1CF9F692006923BB /* LJAssistantCell.h */ = {isa = PBXFileReference; fileEncoding = 4; lastKnownFileType = sourcecode.c.h; path = LJAssistantCell.h; sourceTree = "<group>"; };
		4F2BC6AF1CF9F692006923BB /* LJAssistantCell.m */ = {isa = PBXFileReference; fileEncoding = 4; lastKnownFileType = sourcecode.c.objc; path = LJAssistantCell.m; sourceTree = "<group>"; };
		4F2BC6B01CF9F692006923BB /* LJAssistantCell.xib */ = {isa = PBXFileReference; fileEncoding = 4; lastKnownFileType = file.xib; path = LJAssistantCell.xib; sourceTree = "<group>"; };
		4F2BC6B31CF9F963006923BB /* LJAssistantItemView.h */ = {isa = PBXFileReference; fileEncoding = 4; lastKnownFileType = sourcecode.c.h; path = LJAssistantItemView.h; sourceTree = "<group>"; };
		4F2BC6B41CF9F963006923BB /* LJAssistantItemView.m */ = {isa = PBXFileReference; fileEncoding = 4; lastKnownFileType = sourcecode.c.objc; path = LJAssistantItemView.m; sourceTree = "<group>"; };
		4F2BC6B61CF9F973006923BB /* LJAssistantItemView.xib */ = {isa = PBXFileReference; fileEncoding = 4; lastKnownFileType = file.xib; path = LJAssistantItemView.xib; sourceTree = "<group>"; };
		4F2BC6B81CF9FC67006923BB /* LJHousePriceCell.h */ = {isa = PBXFileReference; fileEncoding = 4; lastKnownFileType = sourcecode.c.h; path = LJHousePriceCell.h; sourceTree = "<group>"; };
		4F2BC6B91CF9FC67006923BB /* LJHousePriceCell.m */ = {isa = PBXFileReference; fileEncoding = 4; lastKnownFileType = sourcecode.c.objc; path = LJHousePriceCell.m; sourceTree = "<group>"; };
		4F2BC6BA1CF9FC67006923BB /* LJHousePriceCell.xib */ = {isa = PBXFileReference; fileEncoding = 4; lastKnownFileType = file.xib; path = LJHousePriceCell.xib; sourceTree = "<group>"; };
		4F39A39D1CF33A50004E37E8 /* LJDemo.app */ = {isa = PBXFileReference; explicitFileType = wrapper.application; includeInIndex = 0; path = LJDemo.app; sourceTree = BUILT_PRODUCTS_DIR; };
		4F39A3A11CF33A50004E37E8 /* main.m */ = {isa = PBXFileReference; lastKnownFileType = sourcecode.c.objc; path = main.m; sourceTree = "<group>"; };
		4F39A3AC1CF33A50004E37E8 /* Assets.xcassets */ = {isa = PBXFileReference; lastKnownFileType = folder.assetcatalog; path = Assets.xcassets; sourceTree = "<group>"; };
		4F39A3AF1CF33A50004E37E8 /* Base */ = {isa = PBXFileReference; lastKnownFileType = file.storyboard; name = Base; path = Base.lproj/LaunchScreen.storyboard; sourceTree = "<group>"; };
		4F39A3B11CF33A50004E37E8 /* Info.plist */ = {isa = PBXFileReference; lastKnownFileType = text.plist.xml; path = Info.plist; sourceTree = "<group>"; };
		4F3B80231CF91CF100784F3E /* LJLoginThirdPartView.h */ = {isa = PBXFileReference; fileEncoding = 4; lastKnownFileType = sourcecode.c.h; path = LJLoginThirdPartView.h; sourceTree = "<group>"; };
		4F3B80241CF91CF100784F3E /* LJLoginThirdPartView.m */ = {isa = PBXFileReference; fileEncoding = 4; lastKnownFileType = sourcecode.c.objc; path = LJLoginThirdPartView.m; sourceTree = "<group>"; };
		4F3B80261CF91D0100784F3E /* LJLoginThirdPartView.xib */ = {isa = PBXFileReference; fileEncoding = 4; lastKnownFileType = file.xib; path = LJLoginThirdPartView.xib; sourceTree = "<group>"; };
		4F3B804F1CF976F300784F3E /* UIView+LJExtension.h */ = {isa = PBXFileReference; fileEncoding = 4; lastKnownFileType = sourcecode.c.h; path = "UIView+LJExtension.h"; sourceTree = "<group>"; };
		4F3B80501CF976F300784F3E /* UIView+LJExtension.m */ = {isa = PBXFileReference; fileEncoding = 4; lastKnownFileType = sourcecode.c.objc; path = "UIView+LJExtension.m"; sourceTree = "<group>"; };
		4F43990A1D007BEA000B93DE /* NSArray+Log.h */ = {isa = PBXFileReference; fileEncoding = 4; lastKnownFileType = sourcecode.c.h; path = "NSArray+Log.h"; sourceTree = "<group>"; };
		4F43990B1D007BEA000B93DE /* NSArray+Log.m */ = {isa = PBXFileReference; fileEncoding = 4; lastKnownFileType = sourcecode.c.objc; path = "NSArray+Log.m"; sourceTree = "<group>"; };
		4F43990D1D00838F000B93DE /* LJSaleHouseListViewController.h */ = {isa = PBXFileReference; fileEncoding = 4; lastKnownFileType = sourcecode.c.h; path = LJSaleHouseListViewController.h; sourceTree = "<group>"; };
		4F43990E1D00838F000B93DE /* LJSaleHouseListViewController.m */ = {isa = PBXFileReference; fileEncoding = 4; lastKnownFileType = sourcecode.c.objc; path = LJSaleHouseListViewController.m; sourceTree = "<group>"; };
		4F4399101D0083E4000B93DE /* LJCustomSelectionMenu.h */ = {isa = PBXFileReference; fileEncoding = 4; lastKnownFileType = sourcecode.c.h; path = LJCustomSelectionMenu.h; sourceTree = "<group>"; };
		4F4399111D0083E4000B93DE /* LJCustomSelectionMenu.m */ = {isa = PBXFileReference; fileEncoding = 4; lastKnownFileType = sourcecode.c.objc; path = LJCustomSelectionMenu.m; sourceTree = "<group>"; };
		4F43991A1D0085F2000B93DE /* LJSellerEntrancePageController.h */ = {isa = PBXFileReference; fileEncoding = 4; lastKnownFileType = sourcecode.c.h; path = LJSellerEntrancePageController.h; sourceTree = "<group>"; };
		4F43991B1D0085F2000B93DE /* LJSellerEntrancePageController.m */ = {isa = PBXFileReference; fileEncoding = 4; lastKnownFileType = sourcecode.c.objc; path = LJSellerEntrancePageController.m; sourceTree = "<group>"; };
		4F43991C1D0085F2000B93DE /* LJSellerEntrancePageController.xib */ = {isa = PBXFileReference; fileEncoding = 4; lastKnownFileType = file.xib; path = LJSellerEntrancePageController.xib; sourceTree = "<group>"; };
		4F4399211D008675000B93DE /* LJAreaAndSubway.plist */ = {isa = PBXFileReference; lastKnownFileType = file.bplist; path = LJAreaAndSubway.plist; sourceTree = "<group>"; };
		4F4399221D008675000B93DE /* LJCityDistrictInfo.plist */ = {isa = PBXFileReference; lastKnownFileType = file.bplist; path = LJCityDistrictInfo.plist; sourceTree = "<group>"; };
		4F4399251D00869E000B93DE /* seller_entrance_640x960.jpg */ = {isa = PBXFileReference; lastKnownFileType = image.jpeg; path = seller_entrance_640x960.jpg; sourceTree = "<group>"; };
		4F4399261D00869E000B93DE /* seller_entrance_640x1136.jpg */ = {isa = PBXFileReference; lastKnownFileType = image.jpeg; path = seller_entrance_640x1136.jpg; sourceTree = "<group>"; };
		4F4399271D00869E000B93DE /* seller_entrance_750x1334.jpg */ = {isa = PBXFileReference; lastKnownFileType = image.jpeg; path = seller_entrance_750x1334.jpg; sourceTree = "<group>"; };
		4F4399281D00869E000B93DE /* seller_entrance_1242x2208.jpg */ = {isa = PBXFileReference; lastKnownFileType = image.jpeg; path = seller_entrance_1242x2208.jpg; sourceTree = "<group>"; };
		4F4A1D6A1D01CAF500413C91 /* LJButton.h */ = {isa = PBXFileReference; fileEncoding = 4; lastKnownFileType = sourcecode.c.h; path = LJButton.h; sourceTree = "<group>"; };
		4F4A1D6B1D01CAF500413C91 /* LJButton.m */ = {isa = PBXFileReference; fileEncoding = 4; lastKnownFileType = sourcecode.c.objc; path = LJButton.m; sourceTree = "<group>"; };
		4F4C112C1CFA75DE00D99DD5 /* LJKnowledgeTitleCell.h */ = {isa = PBXFileReference; fileEncoding = 4; lastKnownFileType = sourcecode.c.h; path = LJKnowledgeTitleCell.h; sourceTree = "<group>"; };
		4F4C112D1CFA75DE00D99DD5 /* LJKnowledgeTitleCell.m */ = {isa = PBXFileReference; fileEncoding = 4; lastKnownFileType = sourcecode.c.objc; path = LJKnowledgeTitleCell.m; sourceTree = "<group>"; };
		4F4C112E1CFA75DE00D99DD5 /* LJKnowledgeTitleCell.xib */ = {isa = PBXFileReference; fileEncoding = 4; lastKnownFileType = file.xib; path = LJKnowledgeTitleCell.xib; sourceTree = "<group>"; };
		4F4C11311CFA760500D99DD5 /* LJKnowledgeInfoCell.h */ = {isa = PBXFileReference; fileEncoding = 4; lastKnownFileType = sourcecode.c.h; path = LJKnowledgeInfoCell.h; sourceTree = "<group>"; };
		4F4C11321CFA760500D99DD5 /* LJKnowledgeInfoCell.m */ = {isa = PBXFileReference; fileEncoding = 4; lastKnownFileType = sourcecode.c.objc; path = LJKnowledgeInfoCell.m; sourceTree = "<group>"; };
		4F4C11331CFA760500D99DD5 /* LJKnowledgeInfoCell.xib */ = {isa = PBXFileReference; fileEncoding = 4; lastKnownFileType = file.xib; path = LJKnowledgeInfoCell.xib; sourceTree = "<group>"; };
		4F4C11361CFA926600D99DD5 /* LJErrorView.h */ = {isa = PBXFileReference; fileEncoding = 4; lastKnownFileType = sourcecode.c.h; path = LJErrorView.h; sourceTree = "<group>"; };
		4F4C11371CFA926600D99DD5 /* LJErrorView.m */ = {isa = PBXFileReference; fileEncoding = 4; lastKnownFileType = sourcecode.c.objc; path = LJErrorView.m; sourceTree = "<group>"; };
		4F4C11391CFA927C00D99DD5 /* LJErrorView.xib */ = {isa = PBXFileReference; fileEncoding = 4; lastKnownFileType = file.xib; path = LJErrorView.xib; sourceTree = "<group>"; };
		4F81F4811CFB40FA009EB8E5 /* LJ.pch */ = {isa = PBXFileReference; fileEncoding = 4; lastKnownFileType = sourcecode.c.h; path = LJ.pch; sourceTree = "<group>"; };
		4F8AF7E61D03BB0100E18588 /* LJCustomDistrictAndSubwaySiftView.h */ = {isa = PBXFileReference; fileEncoding = 4; lastKnownFileType = sourcecode.c.h; path = LJCustomDistrictAndSubwaySiftView.h; sourceTree = "<group>"; };
		4F8AF7E71D03BB0100E18588 /* LJCustomDistrictAndSubwaySiftView.m */ = {isa = PBXFileReference; fileEncoding = 4; lastKnownFileType = sourcecode.c.objc; path = LJCustomDistrictAndSubwaySiftView.m; sourceTree = "<group>"; };
		4F8B43771D041254007F3EB6 /* LJCustomCommonSiftView.h */ = {isa = PBXFileReference; fileEncoding = 4; lastKnownFileType = sourcecode.c.h; path = LJCustomCommonSiftView.h; sourceTree = "<group>"; };
		4F8B43781D041254007F3EB6 /* LJCustomCommonSiftView.m */ = {isa = PBXFileReference; fileEncoding = 4; lastKnownFileType = sourcecode.c.objc; path = LJCustomCommonSiftView.m; sourceTree = "<group>"; };
		4F8B437A1D041297007F3EB6 /* LJCustomCommonSiftView.xib */ = {isa = PBXFileReference; fileEncoding = 4; lastKnownFileType = file.xib; path = LJCustomCommonSiftView.xib; sourceTree = "<group>"; };
		4F8B437C1D041963007F3EB6 /* LJCustomSelectRoomView.h */ = {isa = PBXFileReference; fileEncoding = 4; lastKnownFileType = sourcecode.c.h; path = LJCustomSelectRoomView.h; sourceTree = "<group>"; };
		4F8B437D1D041963007F3EB6 /* LJCustomSelectRoomView.m */ = {isa = PBXFileReference; fileEncoding = 4; lastKnownFileType = sourcecode.c.objc; path = LJCustomSelectRoomView.m; sourceTree = "<group>"; };
		4F8B437F1D04196E007F3EB6 /* LJCustomSelectRoomView.xib */ = {isa = PBXFileReference; fileEncoding = 4; lastKnownFileType = file.xib; path = LJCustomSelectRoomView.xib; sourceTree = "<group>"; };
		4F8B43811D041B98007F3EB6 /* LJCustomMoreView.h */ = {isa = PBXFileReference; fileEncoding = 4; lastKnownFileType = sourcecode.c.h; path = LJCustomMoreView.h; sourceTree = "<group>"; };
		4F8B43821D041B98007F3EB6 /* LJCustomMoreView.m */ = {isa = PBXFileReference; fileEncoding = 4; lastKnownFileType = sourcecode.c.objc; path = LJCustomMoreView.m; sourceTree = "<group>"; };
		4F8B43841D041C09007F3EB6 /* LJCustomMoreView.xib */ = {isa = PBXFileReference; fileEncoding = 4; lastKnownFileType = file.xib; path = LJCustomMoreView.xib; sourceTree = "<group>"; };
		4F8B438F1D0420B6007F3EB6 /* LJCustomMoreHeaderView.h */ = {isa = PBXFileReference; fileEncoding = 4; lastKnownFileType = sourcecode.c.h; path = LJCustomMoreHeaderView.h; sourceTree = "<group>"; };
		4F8B43901D0420B6007F3EB6 /* LJCustomMoreHeaderView.m */ = {isa = PBXFileReference; fileEncoding = 4; lastKnownFileType = sourcecode.c.objc; path = LJCustomMoreHeaderView.m; sourceTree = "<group>"; };
		4F98D1D01CF50F60001DDD78 /* LJHomePageViewController.h */ = {isa = PBXFileReference; fileEncoding = 4; lastKnownFileType = sourcecode.c.h; path = LJHomePageViewController.h; sourceTree = "<group>"; };
		4F98D1D11CF50F60001DDD78 /* LJHomePageViewController.m */ = {isa = PBXFileReference; fileEncoding = 4; lastKnownFileType = sourcecode.c.objc; path = LJHomePageViewController.m; sourceTree = "<group>"; };
		4F98D1D41CF50F60001DDD78 /* Home.storyboard */ = {isa = PBXFileReference; fileEncoding = 4; lastKnownFileType = file.storyboard; path = Home.storyboard; sourceTree = "<group>"; };
		4F98D1D71CF50F60001DDD78 /* LJBaseViewController.h */ = {isa = PBXFileReference; fileEncoding = 4; lastKnownFileType = sourcecode.c.h; path = LJBaseViewController.h; sourceTree = "<group>"; };
		4F98D1D81CF50F60001DDD78 /* LJBaseViewController.m */ = {isa = PBXFileReference; fileEncoding = 4; lastKnownFileType = sourcecode.c.objc; path = LJBaseViewController.m; sourceTree = "<group>"; };
		4F98D1D91CF50F60001DDD78 /* LJNavigationController.h */ = {isa = PBXFileReference; fileEncoding = 4; lastKnownFileType = sourcecode.c.h; path = LJNavigationController.h; sourceTree = "<group>"; };
		4F98D1DA1CF50F60001DDD78 /* LJNavigationController.m */ = {isa = PBXFileReference; fileEncoding = 4; lastKnownFileType = sourcecode.c.objc; path = LJNavigationController.m; sourceTree = "<group>"; };
		4F98D1DB1CF50F60001DDD78 /* LJTabBarController.h */ = {isa = PBXFileReference; fileEncoding = 4; lastKnownFileType = sourcecode.c.h; path = LJTabBarController.h; sourceTree = "<group>"; };
		4F98D1DC1CF50F60001DDD78 /* LJTabBarController.m */ = {isa = PBXFileReference; fileEncoding = 4; lastKnownFileType = sourcecode.c.objc; path = LJTabBarController.m; sourceTree = "<group>"; };
		4F98D1DF1CF50F60001DDD78 /* AppDelegate.h */ = {isa = PBXFileReference; fileEncoding = 4; lastKnownFileType = sourcecode.c.h; path = AppDelegate.h; sourceTree = "<group>"; };
		4F98D1E01CF50F60001DDD78 /* AppDelegate.m */ = {isa = PBXFileReference; fileEncoding = 4; lastKnownFileType = sourcecode.c.objc; path = AppDelegate.m; sourceTree = "<group>"; };
		4F98D1E21CF50F60001DDD78 /* Main.storyboard */ = {isa = PBXFileReference; fileEncoding = 4; lastKnownFileType = file.storyboard; path = Main.storyboard; sourceTree = "<group>"; };
		4F98D1E51CF50F60001DDD78 /* LJMyInfoViewController.h */ = {isa = PBXFileReference; fileEncoding = 4; lastKnownFileType = sourcecode.c.h; path = LJMyInfoViewController.h; sourceTree = "<group>"; };
		4F98D1E61CF50F60001DDD78 /* LJMyInfoViewController.m */ = {isa = PBXFileReference; fileEncoding = 4; lastKnownFileType = sourcecode.c.objc; path = LJMyInfoViewController.m; sourceTree = "<group>"; };
		4F98D1E91CF50F60001DDD78 /* LJAccountOverviewCell.h */ = {isa = PBXFileReference; fileEncoding = 4; lastKnownFileType = sourcecode.c.h; path = LJAccountOverviewCell.h; sourceTree = "<group>"; };
		4F98D1EA1CF50F60001DDD78 /* LJAccountOverviewCell.m */ = {isa = PBXFileReference; fileEncoding = 4; lastKnownFileType = sourcecode.c.objc; path = LJAccountOverviewCell.m; sourceTree = "<group>"; };
		4F98D1EB1CF50F60001DDD78 /* LJAccountOverviewCell.xib */ = {isa = PBXFileReference; fileEncoding = 4; lastKnownFileType = file.xib; path = LJAccountOverviewCell.xib; sourceTree = "<group>"; };
		4F98D1EC1CF50F60001DDD78 /* LJMyInfoTableViewCell.h */ = {isa = PBXFileReference; fileEncoding = 4; lastKnownFileType = sourcecode.c.h; path = LJMyInfoTableViewCell.h; sourceTree = "<group>"; };
		4F98D1ED1CF50F60001DDD78 /* LJMyInfoTableViewCell.m */ = {isa = PBXFileReference; fileEncoding = 4; lastKnownFileType = sourcecode.c.objc; path = LJMyInfoTableViewCell.m; sourceTree = "<group>"; };
		4F98D1EE1CF50F60001DDD78 /* LJMyInfoTableViewCell.xib */ = {isa = PBXFileReference; fileEncoding = 4; lastKnownFileType = file.xib; path = LJMyInfoTableViewCell.xib; sourceTree = "<group>"; };
		4F98D1EF1CF50F60001DDD78 /* Me.storyboard */ = {isa = PBXFileReference; fileEncoding = 4; lastKnownFileType = file.storyboard; path = Me.storyboard; sourceTree = "<group>"; };
		4F98D1F21CF50F60001DDD78 /* LJMessageViewController.h */ = {isa = PBXFileReference; fileEncoding = 4; lastKnownFileType = sourcecode.c.h; path = LJMessageViewController.h; sourceTree = "<group>"; };
		4F98D1F31CF50F60001DDD78 /* LJMessageViewController.m */ = {isa = PBXFileReference; fileEncoding = 4; lastKnownFileType = sourcecode.c.objc; path = LJMessageViewController.m; sourceTree = "<group>"; };
		4F98D1F61CF50F60001DDD78 /* Message.storyboard */ = {isa = PBXFileReference; fileEncoding = 4; lastKnownFileType = file.storyboard; path = Message.storyboard; sourceTree = "<group>"; };
		4FB5AFC91CF6616800A4B509 /* LJMyFollowedCommunityViewController.h */ = {isa = PBXFileReference; fileEncoding = 4; lastKnownFileType = sourcecode.c.h; path = LJMyFollowedCommunityViewController.h; sourceTree = "<group>"; };
		4FB5AFCA1CF6616800A4B509 /* LJMyFollowedCommunityViewController.m */ = {isa = PBXFileReference; fileEncoding = 4; lastKnownFileType = sourcecode.c.objc; path = LJMyFollowedCommunityViewController.m; sourceTree = "<group>"; };
		4FB5AFCB1CF6616800A4B509 /* LJMyFollowedCommunityViewController.xib */ = {isa = PBXFileReference; fileEncoding = 4; lastKnownFileType = file.xib; path = LJMyFollowedCommunityViewController.xib; sourceTree = "<group>"; };
		4FB5AFCE1CF661A600A4B509 /* LJMyFollowedHouseListViewController.h */ = {isa = PBXFileReference; fileEncoding = 4; lastKnownFileType = sourcecode.c.h; path = LJMyFollowedHouseListViewController.h; sourceTree = "<group>"; };
		4FB5AFCF1CF661A600A4B509 /* LJMyFollowedHouseListViewController.m */ = {isa = PBXFileReference; fileEncoding = 4; lastKnownFileType = sourcecode.c.objc; path = LJMyFollowedHouseListViewController.m; sourceTree = "<group>"; };
		4FB5AFD01CF661A600A4B509 /* LJMyFollowedHouseListViewController.xib */ = {isa = PBXFileReference; fileEncoding = 4; lastKnownFileType = file.xib; path = LJMyFollowedHouseListViewController.xib; sourceTree = "<group>"; };
		4FB5AFD31CF661DA00A4B509 /* LJFollowedBuildingListViewController.h */ = {isa = PBXFileReference; fileEncoding = 4; lastKnownFileType = sourcecode.c.h; path = LJFollowedBuildingListViewController.h; sourceTree = "<group>"; };
		4FB5AFD41CF661DA00A4B509 /* LJFollowedBuildingListViewController.m */ = {isa = PBXFileReference; fileEncoding = 4; lastKnownFileType = sourcecode.c.objc; path = LJFollowedBuildingListViewController.m; sourceTree = "<group>"; };
		4FB5AFD51CF661DA00A4B509 /* LJFollowedBuildingListViewController.xib */ = {isa = PBXFileReference; fileEncoding = 4; lastKnownFileType = file.xib; path = LJFollowedBuildingListViewController.xib; sourceTree = "<group>"; };
		4FB5AFD81CF6625C00A4B509 /* LJMySeenRecordViewController.h */ = {isa = PBXFileReference; fileEncoding = 4; lastKnownFileType = sourcecode.c.h; path = LJMySeenRecordViewController.h; sourceTree = "<group>"; };
		4FB5AFD91CF6625C00A4B509 /* LJMySeenRecordViewController.m */ = {isa = PBXFileReference; fileEncoding = 4; lastKnownFileType = sourcecode.c.objc; path = LJMySeenRecordViewController.m; sourceTree = "<group>"; };
		4FB5AFDA1CF6625C00A4B509 /* LJMySeenRecordViewController.xib */ = {isa = PBXFileReference; fileEncoding = 4; lastKnownFileType = file.xib; path = LJMySeenRecordViewController.xib; sourceTree = "<group>"; };
		4FB5AFDD1CF662AA00A4B509 /* LJMyAskViewController.h */ = {isa = PBXFileReference; fileEncoding = 4; lastKnownFileType = sourcecode.c.h; path = LJMyAskViewController.h; sourceTree = "<group>"; };
		4FB5AFDE1CF662AA00A4B509 /* LJMyAskViewController.m */ = {isa = PBXFileReference; fileEncoding = 4; lastKnownFileType = sourcecode.c.objc; path = LJMyAskViewController.m; sourceTree = "<group>"; };
		4FB5AFDF1CF662AA00A4B509 /* LJMyAskViewController.xib */ = {isa = PBXFileReference; fileEncoding = 4; lastKnownFileType = file.xib; path = LJMyAskViewController.xib; sourceTree = "<group>"; };
		4FB5AFE71CF6637A00A4B509 /* LJInviteFriendsViewController.h */ = {isa = PBXFileReference; fileEncoding = 4; lastKnownFileType = sourcecode.c.h; path = LJInviteFriendsViewController.h; sourceTree = "<group>"; };
		4FB5AFE81CF6637A00A4B509 /* LJInviteFriendsViewController.m */ = {isa = PBXFileReference; fileEncoding = 4; lastKnownFileType = sourcecode.c.objc; path = LJInviteFriendsViewController.m; sourceTree = "<group>"; };
		4FB5AFE91CF6637A00A4B509 /* LJInviteFriendsViewController.xib */ = {isa = PBXFileReference; fileEncoding = 4; lastKnownFileType = file.xib; path = LJInviteFriendsViewController.xib; sourceTree = "<group>"; };
		4FB5AFEC1CF663EB00A4B509 /* LJCalculateViewController.h */ = {isa = PBXFileReference; fileEncoding = 4; lastKnownFileType = sourcecode.c.h; path = LJCalculateViewController.h; sourceTree = "<group>"; };
		4FB5AFED1CF663EB00A4B509 /* LJCalculateViewController.m */ = {isa = PBXFileReference; fileEncoding = 4; lastKnownFileType = sourcecode.c.objc; path = LJCalculateViewController.m; sourceTree = "<group>"; };
		4FB5AFEF1CF6641C00A4B509 /* LCUserFeedbackViewController.h */ = {isa = PBXFileReference; fileEncoding = 4; lastKnownFileType = sourcecode.c.h; path = LCUserFeedbackViewController.h; sourceTree = "<group>"; };
		4FB5AFF01CF6641C00A4B509 /* LCUserFeedbackViewController.m */ = {isa = PBXFileReference; fileEncoding = 4; lastKnownFileType = sourcecode.c.objc; path = LCUserFeedbackViewController.m; sourceTree = "<group>"; };
		4FB5AFF11CF6641C00A4B509 /* LCUserFeedbackViewController.xib */ = {isa = PBXFileReference; fileEncoding = 4; lastKnownFileType = file.xib; path = LCUserFeedbackViewController.xib; sourceTree = "<group>"; };
		4FB5AFF91CF6648D00A4B509 /* LJSettingViewController.h */ = {isa = PBXFileReference; fileEncoding = 4; lastKnownFileType = sourcecode.c.h; path = LJSettingViewController.h; sourceTree = "<group>"; };
		4FB5AFFA1CF6648D00A4B509 /* LJSettingViewController.m */ = {isa = PBXFileReference; fileEncoding = 4; lastKnownFileType = sourcecode.c.objc; path = LJSettingViewController.m; sourceTree = "<group>"; };
		4FB5B0011CF6667900A4B509 /* LJGroup.h */ = {isa = PBXFileReference; fileEncoding = 4; lastKnownFileType = sourcecode.c.h; path = LJGroup.h; sourceTree = "<group>"; };
		4FB5B0021CF6667900A4B509 /* LJGroup.m */ = {isa = PBXFileReference; fileEncoding = 4; lastKnownFileType = sourcecode.c.objc; path = LJGroup.m; sourceTree = "<group>"; };
		4FB5B0041CF6668000A4B509 /* LJItem.h */ = {isa = PBXFileReference; fileEncoding = 4; lastKnownFileType = sourcecode.c.h; path = LJItem.h; sourceTree = "<group>"; };
		4FB5B0051CF6668000A4B509 /* LJItem.m */ = {isa = PBXFileReference; fileEncoding = 4; lastKnownFileType = sourcecode.c.objc; path = LJItem.m; sourceTree = "<group>"; };
		4FB5B0071CF667E800A4B509 /* LJItemArrow.h */ = {isa = PBXFileReference; fileEncoding = 4; lastKnownFileType = sourcecode.c.h; path = LJItemArrow.h; sourceTree = "<group>"; };
		4FB5B0081CF667E800A4B509 /* LJItemArrow.m */ = {isa = PBXFileReference; fileEncoding = 4; lastKnownFileType = sourcecode.c.objc; path = LJItemArrow.m; sourceTree = "<group>"; };
		4FB5B00A1CF6681F00A4B509 /* LJItemSwitch.h */ = {isa = PBXFileReference; fileEncoding = 4; lastKnownFileType = sourcecode.c.h; path = LJItemSwitch.h; sourceTree = "<group>"; };
		4FB5B00B1CF6681F00A4B509 /* LJItemSwitch.m */ = {isa = PBXFileReference; fileEncoding = 4; lastKnownFileType = sourcecode.c.objc; path = LJItemSwitch.m; sourceTree = "<group>"; };
		4FB7AE1F1CFF996B00807772 /* lianjia_rights.html */ = {isa = PBXFileReference; fileEncoding = 4; lastKnownFileType = text.html; path = lianjia_rights.html; sourceTree = "<group>"; };
		4FB7AE251CFF9A6E00807772 /* LJSelecteCityViewController.h */ = {isa = PBXFileReference; fileEncoding = 4; lastKnownFileType = sourcecode.c.h; path = LJSelecteCityViewController.h; sourceTree = "<group>"; };
		4FB7AE261CFF9A6E00807772 /* LJSelecteCityViewController.m */ = {isa = PBXFileReference; fileEncoding = 4; lastKnownFileType = sourcecode.c.objc; path = LJSelecteCityViewController.m; sourceTree = "<group>"; };
		4FE6AA4A1D0442F400C31C5A /* LJSaleHouseMoreCell.h */ = {isa = PBXFileReference; fileEncoding = 4; lastKnownFileType = sourcecode.c.h; path = LJSaleHouseMoreCell.h; sourceTree = "<group>"; };
		4FE6AA4B1D0442F400C31C5A /* LJSaleHouseMoreCell.m */ = {isa = PBXFileReference; fileEncoding = 4; lastKnownFileType = sourcecode.c.objc; path = LJSaleHouseMoreCell.m; sourceTree = "<group>"; };
		4FE6AA4C1D0442F400C31C5A /* LJSaleHouseMoreCell.xib */ = {isa = PBXFileReference; fileEncoding = 4; lastKnownFileType = file.xib; path = LJSaleHouseMoreCell.xib; sourceTree = "<group>"; };
		4FFDB9E21CFF26D400FD4109 /* LJKeyWordSearchViewController.h */ = {isa = PBXFileReference; fileEncoding = 4; lastKnownFileType = sourcecode.c.h; path = LJKeyWordSearchViewController.h; sourceTree = "<group>"; };
		4FFDB9E31CFF26D400FD4109 /* LJKeyWordSearchViewController.m */ = {isa = PBXFileReference; fileEncoding = 4; lastKnownFileType = sourcecode.c.objc; path = LJKeyWordSearchViewController.m; sourceTree = "<group>"; };
		4FFDB9E41CFF26D400FD4109 /* LJKeyWordSearchViewController.xib */ = {isa = PBXFileReference; fileEncoding = 4; lastKnownFileType = file.xib; path = LJKeyWordSearchViewController.xib; sourceTree = "<group>"; };
		4FFDB9E71CFF275B00FD4109 /* LJNoDataMaskView.h */ = {isa = PBXFileReference; fileEncoding = 4; lastKnownFileType = sourcecode.c.h; path = LJNoDataMaskView.h; sourceTree = "<group>"; };
		4FFDB9E81CFF275B00FD4109 /* LJNoDataMaskView.m */ = {isa = PBXFileReference; fileEncoding = 4; lastKnownFileType = sourcecode.c.objc; path = LJNoDataMaskView.m; sourceTree = "<group>"; };
		4FFDB9EA1CFF276900FD4109 /* LJNoDataMaskView.xib */ = {isa = PBXFileReference; fileEncoding = 4; lastKnownFileType = file.xib; path = LJNoDataMaskView.xib; sourceTree = "<group>"; };
		71768DB75781E184D4DC0FA8 /* libPods.a */ = {isa = PBXFileReference; explicitFileType = archive.ar; includeInIndex = 0; path = libPods.a; sourceTree = BUILT_PRODUCTS_DIR; };
		CF4A83AC915A334ACAC0E88D /* Pods.debug.xcconfig */ = {isa = PBXFileReference; includeInIndex = 1; lastKnownFileType = text.xcconfig; name = Pods.debug.xcconfig; path = "Pods/Target Support Files/Pods/Pods.debug.xcconfig"; sourceTree = "<group>"; };
/* End PBXFileReference section */

/* Begin PBXFrameworksBuildPhase section */
		4F39A39A1CF33A50004E37E8 /* Frameworks */ = {
			isa = PBXFrameworksBuildPhase;
			buildActionMask = 2147483647;
			files = (
				B8B67BA76E28A10AB1F71AC8 /* libPods.a in Frameworks */,
			);
			runOnlyForDeploymentPostprocessing = 0;
		};
/* End PBXFrameworksBuildPhase section */

/* Begin PBXGroup section */
		4F04F5591CF7B490005437F6 /* Account */ = {
			isa = PBXGroup;
			children = (
				4F04F55A1CF7B4AC005437F6 /* Controller */,
				4F04F55B1CF7B4AC005437F6 /* Model */,
				4F04F55C1CF7B4AC005437F6 /* View */,
			);
			path = Account;
			sourceTree = "<group>";
		};
		4F04F55A1CF7B4AC005437F6 /* Controller */ = {
			isa = PBXGroup;
			children = (
				4F04F55D1CF7B4FF005437F6 /* LJLoginViewController.h */,
				4F04F55E1CF7B4FF005437F6 /* LJLoginViewController.m */,
				4F04F55F1CF7B4FF005437F6 /* LJLoginViewController.xib */,
			);
			path = Controller;
			sourceTree = "<group>";
		};
		4F04F55B1CF7B4AC005437F6 /* Model */ = {
			isa = PBXGroup;
			children = (
			);
			path = Model;
			sourceTree = "<group>";
		};
		4F04F55C1CF7B4AC005437F6 /* View */ = {
			isa = PBXGroup;
			children = (
				4F3B80231CF91CF100784F3E /* LJLoginThirdPartView.h */,
				4F3B80241CF91CF100784F3E /* LJLoginThirdPartView.m */,
				4F3B80261CF91D0100784F3E /* LJLoginThirdPartView.xib */,
			);
			path = View;
			sourceTree = "<group>";
		};
		4F39A3941CF33A50004E37E8 = {
			isa = PBXGroup;
			children = (
				4F39A39F1CF33A50004E37E8 /* LJDemo */,
				4F39A39E1CF33A50004E37E8 /* Products */,
				715C839C824E868B8E6A39C6 /* Pods */,
				D7D88BF15C8D4445198A3502 /* Frameworks */,
			);
			sourceTree = "<group>";
		};
		4F39A39E1CF33A50004E37E8 /* Products */ = {
			isa = PBXGroup;
			children = (
				4F39A39D1CF33A50004E37E8 /* LJDemo.app */,
			);
			name = Products;
			sourceTree = "<group>";
		};
		4F39A39F1CF33A50004E37E8 /* LJDemo */ = {
			isa = PBXGroup;
			children = (
				4F98D1CD1CF50F60001DDD78 /* Classes */,
				4F39A3A01CF33A50004E37E8 /* Supporting Files */,
			);
			path = LJDemo;
			sourceTree = "<group>";
		};
		4F39A3A01CF33A50004E37E8 /* Supporting Files */ = {
			isa = PBXGroup;
			children = (
				4F39A3AC1CF33A50004E37E8 /* Assets.xcassets */,
				4F39A3AE1CF33A50004E37E8 /* LaunchScreen.storyboard */,
				4F39A3B11CF33A50004E37E8 /* Info.plist */,
				4F39A3A11CF33A50004E37E8 /* main.m */,
				4F81F4811CFB40FA009EB8E5 /* LJ.pch */,
			);
			name = "Supporting Files";
			sourceTree = "<group>";
		};
		4F3B804B1CF9766D00784F3E /* Category */ = {
			isa = PBXGroup;
			children = (
				4F3B804F1CF976F300784F3E /* UIView+LJExtension.h */,
				4F3B80501CF976F300784F3E /* UIView+LJExtension.m */,
			);
			path = Category;
			sourceTree = "<group>";
		};
		4F4399091D007BEA000B93DE /* Log */ = {
			isa = PBXGroup;
			children = (
				4F43990A1D007BEA000B93DE /* NSArray+Log.h */,
				4F43990B1D007BEA000B93DE /* NSArray+Log.m */,
			);
			path = Log;
			sourceTree = "<group>";
		};
		4F43991F1D008667000B93DE /* Images */ = {
			isa = PBXGroup;
			children = (
				4F4399251D00869E000B93DE /* seller_entrance_640x960.jpg */,
				4F4399261D00869E000B93DE /* seller_entrance_640x1136.jpg */,
				4F4399271D00869E000B93DE /* seller_entrance_750x1334.jpg */,
				4F4399281D00869E000B93DE /* seller_entrance_1242x2208.jpg */,
			);
			path = Images;
			sourceTree = "<group>";
		};
		4F4399201D008667000B93DE /* Plist */ = {
			isa = PBXGroup;
			children = (
				4F4399211D008675000B93DE /* LJAreaAndSubway.plist */,
				4F4399221D008675000B93DE /* LJCityDistrictInfo.plist */,
			);
			path = Plist;
			sourceTree = "<group>";
		};
		4F98D1CD1CF50F60001DDD78 /* Classes */ = {
			isa = PBXGroup;
			children = (
				4F4399091D007BEA000B93DE /* Log */,
				4FB7AE1E1CFF996000807772 /* Resources */,
				4F04F5591CF7B490005437F6 /* Account */,
				4F98D1CE1CF50F60001DDD78 /* Home */,
				4F98D1D51CF50F60001DDD78 /* Main */,
				4F98D1E31CF50F60001DDD78 /* Me */,
				4F98D1F01CF50F60001DDD78 /* Message */,
			);
			path = Classes;
			sourceTree = "<group>";
		};
		4F98D1CE1CF50F60001DDD78 /* Home */ = {
			isa = PBXGroup;
			children = (
				4F98D1CF1CF50F60001DDD78 /* Controller */,
				4F98D1D21CF50F60001DDD78 /* Model */,
				4F98D1D31CF50F60001DDD78 /* View */,
			);
			path = Home;
			sourceTree = "<group>";
		};
		4F98D1CF1CF50F60001DDD78 /* Controller */ = {
			isa = PBXGroup;
			children = (
				4F98D1D01CF50F60001DDD78 /* LJHomePageViewController.h */,
				4F98D1D11CF50F60001DDD78 /* LJHomePageViewController.m */,
				4FFDB9E21CFF26D400FD4109 /* LJKeyWordSearchViewController.h */,
				4FFDB9E31CFF26D400FD4109 /* LJKeyWordSearchViewController.m */,
				4FFDB9E41CFF26D400FD4109 /* LJKeyWordSearchViewController.xib */,
				4FB7AE251CFF9A6E00807772 /* LJSelecteCityViewController.h */,
				4FB7AE261CFF9A6E00807772 /* LJSelecteCityViewController.m */,
				4F43990D1D00838F000B93DE /* LJSaleHouseListViewController.h */,
				4F43990E1D00838F000B93DE /* LJSaleHouseListViewController.m */,
				4F43991A1D0085F2000B93DE /* LJSellerEntrancePageController.h */,
				4F43991B1D0085F2000B93DE /* LJSellerEntrancePageController.m */,
				4F43991C1D0085F2000B93DE /* LJSellerEntrancePageController.xib */,
				4F188AD81D00F1F7005002EB /* LJHtmlWapViewController.h */,
				4F188AD91D00F1F7005002EB /* LJHtmlWapViewController.m */,
				4F188ADB1D00F2FA005002EB /* LJPEHomeViewController.h */,
				4F188ADC1D00F2FA005002EB /* LJPEHomeViewController.m */,
				4F188ADD1D00F2FA005002EB /* LJPEHomeViewController.xib */,
			);
			path = Controller;
			sourceTree = "<group>";
		};
		4F98D1D21CF50F60001DDD78 /* Model */ = {
			isa = PBXGroup;
			children = (
			);
			path = Model;
			sourceTree = "<group>";
		};
		4F98D1D31CF50F60001DDD78 /* View */ = {
			isa = PBXGroup;
			children = (
				4F98D1D41CF50F60001DDD78 /* Home.storyboard */,
				4F2BC6A41CF9E0F1006923BB /* LJHouseEnterCell.h */,
				4F2BC6A51CF9E0F1006923BB /* LJHouseEnterCell.m */,
				4F2BC6A61CF9E0F1006923BB /* LJHouseEnterCell.xib */,
				4F2BC6A91CF9F021006923BB /* LJBannerCell.h */,
				4F2BC6AA1CF9F021006923BB /* LJBannerCell.m */,
				4F2BC6AB1CF9F021006923BB /* LJBannerCell.xib */,
				4F2BC6AE1CF9F692006923BB /* LJAssistantCell.h */,
				4F2BC6AF1CF9F692006923BB /* LJAssistantCell.m */,
				4F2BC6B01CF9F692006923BB /* LJAssistantCell.xib */,
				4F2BC6B31CF9F963006923BB /* LJAssistantItemView.h */,
				4F2BC6B41CF9F963006923BB /* LJAssistantItemView.m */,
				4F2BC6B61CF9F973006923BB /* LJAssistantItemView.xib */,
				4F2BC6B81CF9FC67006923BB /* LJHousePriceCell.h */,
				4F2BC6B91CF9FC67006923BB /* LJHousePriceCell.m */,
				4F2BC6BA1CF9FC67006923BB /* LJHousePriceCell.xib */,
				4F4C112C1CFA75DE00D99DD5 /* LJKnowledgeTitleCell.h */,
				4F4C112D1CFA75DE00D99DD5 /* LJKnowledgeTitleCell.m */,
				4F4C112E1CFA75DE00D99DD5 /* LJKnowledgeTitleCell.xib */,
				4F4C11311CFA760500D99DD5 /* LJKnowledgeInfoCell.h */,
				4F4C11321CFA760500D99DD5 /* LJKnowledgeInfoCell.m */,
				4F4C11331CFA760500D99DD5 /* LJKnowledgeInfoCell.xib */,
			);
			path = View;
			sourceTree = "<group>";
		};
		4F98D1D51CF50F60001DDD78 /* Main */ = {
			isa = PBXGroup;
			children = (
				4F3B804B1CF9766D00784F3E /* Category */,
				4F98D1D61CF50F60001DDD78 /* Controller */,
				4F98D1DD1CF50F60001DDD78 /* Model */,
				4F98D1DE1CF50F60001DDD78 /* Other */,
				4F98D1E11CF50F60001DDD78 /* View */,
			);
			path = Main;
			sourceTree = "<group>";
		};
		4F98D1D61CF50F60001DDD78 /* Controller */ = {
			isa = PBXGroup;
			children = (
				4F98D1D71CF50F60001DDD78 /* LJBaseViewController.h */,
				4F98D1D81CF50F60001DDD78 /* LJBaseViewController.m */,
				4F98D1D91CF50F60001DDD78 /* LJNavigationController.h */,
				4F98D1DA1CF50F60001DDD78 /* LJNavigationController.m */,
				4F98D1DB1CF50F60001DDD78 /* LJTabBarController.h */,
				4F98D1DC1CF50F60001DDD78 /* LJTabBarController.m */,
			);
			path = Controller;
			sourceTree = "<group>";
		};
		4F98D1DD1CF50F60001DDD78 /* Model */ = {
			isa = PBXGroup;
			children = (
			);
			path = Model;
			sourceTree = "<group>";
		};
		4F98D1DE1CF50F60001DDD78 /* Other */ = {
			isa = PBXGroup;
			children = (
				4F98D1DF1CF50F60001DDD78 /* AppDelegate.h */,
				4F98D1E01CF50F60001DDD78 /* AppDelegate.m */,
			);
			path = Other;
			sourceTree = "<group>";
		};
		4F98D1E11CF50F60001DDD78 /* View */ = {
			isa = PBXGroup;
			children = (
				4F98D1E21CF50F60001DDD78 /* Main.storyboard */,
				4F4C11361CFA926600D99DD5 /* LJErrorView.h */,
				4F4C11371CFA926600D99DD5 /* LJErrorView.m */,
				4F4C11391CFA927C00D99DD5 /* LJErrorView.xib */,
				4FFDB9E71CFF275B00FD4109 /* LJNoDataMaskView.h */,
				4FFDB9E81CFF275B00FD4109 /* LJNoDataMaskView.m */,
				4FFDB9EA1CFF276900FD4109 /* LJNoDataMaskView.xib */,
				4F4399101D0083E4000B93DE /* LJCustomSelectionMenu.h */,
				4F4399111D0083E4000B93DE /* LJCustomSelectionMenu.m */,
				4F4A1D6A1D01CAF500413C91 /* LJButton.h */,
				4F4A1D6B1D01CAF500413C91 /* LJButton.m */,
				4F8AF7E61D03BB0100E18588 /* LJCustomDistrictAndSubwaySiftView.h */,
				4F8AF7E71D03BB0100E18588 /* LJCustomDistrictAndSubwaySiftView.m */,
				4F8B43771D041254007F3EB6 /* LJCustomCommonSiftView.h */,
				4F8B43781D041254007F3EB6 /* LJCustomCommonSiftView.m */,
				4F8B437A1D041297007F3EB6 /* LJCustomCommonSiftView.xib */,
				4F8B437C1D041963007F3EB6 /* LJCustomSelectRoomView.h */,
				4F8B437D1D041963007F3EB6 /* LJCustomSelectRoomView.m */,
				4F8B437F1D04196E007F3EB6 /* LJCustomSelectRoomView.xib */,
				4F8B43811D041B98007F3EB6 /* LJCustomMoreView.h */,
				4F8B43821D041B98007F3EB6 /* LJCustomMoreView.m */,
				4F8B43841D041C09007F3EB6 /* LJCustomMoreView.xib */,
				4F8B438F1D0420B6007F3EB6 /* LJCustomMoreHeaderView.h */,
				4F8B43901D0420B6007F3EB6 /* LJCustomMoreHeaderView.m */,
				4FE6AA4A1D0442F400C31C5A /* LJSaleHouseMoreCell.h */,
				4FE6AA4B1D0442F400C31C5A /* LJSaleHouseMoreCell.m */,
				4FE6AA4C1D0442F400C31C5A /* LJSaleHouseMoreCell.xib */,
			);
			path = View;
			sourceTree = "<group>";
		};
		4F98D1E31CF50F60001DDD78 /* Me */ = {
			isa = PBXGroup;
			children = (
				4F98D1E41CF50F60001DDD78 /* Controller */,
				4F98D1E71CF50F60001DDD78 /* Model */,
				4F98D1E81CF50F60001DDD78 /* View */,
			);
			path = Me;
			sourceTree = "<group>";
		};
		4F98D1E41CF50F60001DDD78 /* Controller */ = {
			isa = PBXGroup;
			children = (
				4F98D1E51CF50F60001DDD78 /* LJMyInfoViewController.h */,
				4F98D1E61CF50F60001DDD78 /* LJMyInfoViewController.m */,
				4FB5AFD81CF6625C00A4B509 /* LJMySeenRecordViewController.h */,
				4FB5AFD91CF6625C00A4B509 /* LJMySeenRecordViewController.m */,
				4FB5AFDA1CF6625C00A4B509 /* LJMySeenRecordViewController.xib */,
				4FB5AFC91CF6616800A4B509 /* LJMyFollowedCommunityViewController.h */,
				4FB5AFCA1CF6616800A4B509 /* LJMyFollowedCommunityViewController.m */,
				4FB5AFCB1CF6616800A4B509 /* LJMyFollowedCommunityViewController.xib */,
				4FB5AFCE1CF661A600A4B509 /* LJMyFollowedHouseListViewController.h */,
				4FB5AFCF1CF661A600A4B509 /* LJMyFollowedHouseListViewController.m */,
				4FB5AFD01CF661A600A4B509 /* LJMyFollowedHouseListViewController.xib */,
				4FB5AFD31CF661DA00A4B509 /* LJFollowedBuildingListViewController.h */,
				4FB5AFD41CF661DA00A4B509 /* LJFollowedBuildingListViewController.m */,
				4FB5AFD51CF661DA00A4B509 /* LJFollowedBuildingListViewController.xib */,
				4FB5AFDD1CF662AA00A4B509 /* LJMyAskViewController.h */,
				4FB5AFDE1CF662AA00A4B509 /* LJMyAskViewController.m */,
				4FB5AFDF1CF662AA00A4B509 /* LJMyAskViewController.xib */,
				4FB5AFE71CF6637A00A4B509 /* LJInviteFriendsViewController.h */,
				4FB5AFE81CF6637A00A4B509 /* LJInviteFriendsViewController.m */,
				4FB5AFE91CF6637A00A4B509 /* LJInviteFriendsViewController.xib */,
				4FB5AFEC1CF663EB00A4B509 /* LJCalculateViewController.h */,
				4FB5AFED1CF663EB00A4B509 /* LJCalculateViewController.m */,
				4FB5AFEF1CF6641C00A4B509 /* LCUserFeedbackViewController.h */,
				4FB5AFF01CF6641C00A4B509 /* LCUserFeedbackViewController.m */,
				4FB5AFF11CF6641C00A4B509 /* LCUserFeedbackViewController.xib */,
				4FB5AFF91CF6648D00A4B509 /* LJSettingViewController.h */,
				4FB5AFFA1CF6648D00A4B509 /* LJSettingViewController.m */,
				4F04F54F1CF7B3B8005437F6 /* LJCreditCenterViewController.h */,
				4F04F5501CF7B3B8005437F6 /* LJCreditCenterViewController.m */,
				4F04F5511CF7B3B8005437F6 /* LJCreditCenterViewController.xib */,
				4F04F5541CF7B3EC005437F6 /* LJMyCouponsViewController.h */,
				4F04F5551CF7B3EC005437F6 /* LJMyCouponsViewController.m */,
				4F04F5561CF7B3EC005437F6 /* LJMyCouponsViewController.xib */,
			);
			path = Controller;
			sourceTree = "<group>";
		};
		4F98D1E71CF50F60001DDD78 /* Model */ = {
			isa = PBXGroup;
			children = (
				4FB5AFFF1CF6666900A4B509 /* Groups */,
				4FB5B0001CF6666900A4B509 /* Items */,
			);
			path = Model;
			sourceTree = "<group>";
		};
		4F98D1E81CF50F60001DDD78 /* View */ = {
			isa = PBXGroup;
			children = (
				4F98D1E91CF50F60001DDD78 /* LJAccountOverviewCell.h */,
				4F98D1EA1CF50F60001DDD78 /* LJAccountOverviewCell.m */,
				4F98D1EB1CF50F60001DDD78 /* LJAccountOverviewCell.xib */,
				4F98D1EC1CF50F60001DDD78 /* LJMyInfoTableViewCell.h */,
				4F98D1ED1CF50F60001DDD78 /* LJMyInfoTableViewCell.m */,
				4F98D1EE1CF50F60001DDD78 /* LJMyInfoTableViewCell.xib */,
				4F98D1EF1CF50F60001DDD78 /* Me.storyboard */,
			);
			path = View;
			sourceTree = "<group>";
		};
		4F98D1F01CF50F60001DDD78 /* Message */ = {
			isa = PBXGroup;
			children = (
				4F98D1F11CF50F60001DDD78 /* Controller */,
				4F98D1F41CF50F60001DDD78 /* Model */,
				4F98D1F51CF50F60001DDD78 /* View */,
			);
			path = Message;
			sourceTree = "<group>";
		};
		4F98D1F11CF50F60001DDD78 /* Controller */ = {
			isa = PBXGroup;
			children = (
				4F98D1F21CF50F60001DDD78 /* LJMessageViewController.h */,
				4F98D1F31CF50F60001DDD78 /* LJMessageViewController.m */,
			);
			path = Controller;
			sourceTree = "<group>";
		};
		4F98D1F41CF50F60001DDD78 /* Model */ = {
			isa = PBXGroup;
			children = (
			);
			path = Model;
			sourceTree = "<group>";
		};
		4F98D1F51CF50F60001DDD78 /* View */ = {
			isa = PBXGroup;
			children = (
				4F98D1F61CF50F60001DDD78 /* Message.storyboard */,
			);
			path = View;
			sourceTree = "<group>";
		};
		4FB5AFFF1CF6666900A4B509 /* Groups */ = {
			isa = PBXGroup;
			children = (
				4FB5B0011CF6667900A4B509 /* LJGroup.h */,
				4FB5B0021CF6667900A4B509 /* LJGroup.m */,
			);
			path = Groups;
			sourceTree = "<group>";
		};
		4FB5B0001CF6666900A4B509 /* Items */ = {
			isa = PBXGroup;
			children = (
				4FB5B0041CF6668000A4B509 /* LJItem.h */,
				4FB5B0051CF6668000A4B509 /* LJItem.m */,
				4FB5B0071CF667E800A4B509 /* LJItemArrow.h */,
				4FB5B0081CF667E800A4B509 /* LJItemArrow.m */,
				4FB5B00A1CF6681F00A4B509 /* LJItemSwitch.h */,
				4FB5B00B1CF6681F00A4B509 /* LJItemSwitch.m */,
			);
			path = Items;
			sourceTree = "<group>";
		};
		4FB7AE1E1CFF996000807772 /* Resources */ = {
			isa = PBXGroup;
			children = (
				4F43991F1D008667000B93DE /* Images */,
				4F4399201D008667000B93DE /* Plist */,
				4FB7AE1F1CFF996B00807772 /* lianjia_rights.html */,
			);
			path = Resources;
			sourceTree = "<group>";
		};
		715C839C824E868B8E6A39C6 /* Pods */ = {
			isa = PBXGroup;
			children = (
				CF4A83AC915A334ACAC0E88D /* Pods.debug.xcconfig */,
				2AFD90BEB14EF5EAEDAAD248 /* Pods.release.xcconfig */,
			);
			name = Pods;
			sourceTree = "<group>";
		};
		D7D88BF15C8D4445198A3502 /* Frameworks */ = {
			isa = PBXGroup;
			children = (
				71768DB75781E184D4DC0FA8 /* libPods.a */,
			);
			name = Frameworks;
			sourceTree = "<group>";
		};
/* End PBXGroup section */

/* Begin PBXNativeTarget section */
		4F39A39C1CF33A50004E37E8 /* LJDemo */ = {
			isa = PBXNativeTarget;
			buildConfigurationList = 4F39A3B41CF33A50004E37E8 /* Build configuration list for PBXNativeTarget "LJDemo" */;
			buildPhases = (
				7FD77250D0E0700EE51374D6 /* Check Pods Manifest.lock */,
				4F39A3991CF33A50004E37E8 /* Sources */,
				4F39A39A1CF33A50004E37E8 /* Frameworks */,
				4F39A39B1CF33A50004E37E8 /* Resources */,
				863C5656662EA2964172C472 /* Embed Pods Frameworks */,
				EE3063AA88157C95652953B3 /* Copy Pods Resources */,
			);
			buildRules = (
			);
			dependencies = (
			);
			name = LJDemo;
			productName = LJDemo;
			productReference = 4F39A39D1CF33A50004E37E8 /* LJDemo.app */;
			productType = "com.apple.product-type.application";
		};
/* End PBXNativeTarget section */

/* Begin PBXProject section */
		4F39A3951CF33A50004E37E8 /* Project object */ = {
			isa = PBXProject;
			attributes = {
				LastUpgradeCheck = 0730;
				ORGANIZATIONNAME = "黄花菜";
				TargetAttributes = {
					4F39A39C1CF33A50004E37E8 = {
						CreatedOnToolsVersion = 7.3;
						DevelopmentTeam = JPZ53W6589;
					};
				};
			};
			buildConfigurationList = 4F39A3981CF33A50004E37E8 /* Build configuration list for PBXProject "LJDemo" */;
			compatibilityVersion = "Xcode 3.2";
			developmentRegion = English;
			hasScannedForEncodings = 0;
			knownRegions = (
				en,
				Base,
			);
			mainGroup = 4F39A3941CF33A50004E37E8;
			productRefGroup = 4F39A39E1CF33A50004E37E8 /* Products */;
			projectDirPath = "";
			projectRoot = "";
			targets = (
				4F39A39C1CF33A50004E37E8 /* LJDemo */,
			);
		};
/* End PBXProject section */

/* Begin PBXResourcesBuildPhase section */
		4F39A39B1CF33A50004E37E8 /* Resources */ = {
			isa = PBXResourcesBuildPhase;
			buildActionMask = 2147483647;
			files = (
				4F4399241D008675000B93DE /* LJCityDistrictInfo.plist in Resources */,
				4F3B80271CF91D0100784F3E /* LJLoginThirdPartView.xib in Resources */,
				4F8B43851D041C09007F3EB6 /* LJCustomMoreView.xib in Resources */,
				4F04F5611CF7B4FF005437F6 /* LJLoginViewController.xib in Resources */,
				4F2BC6BC1CF9FC67006923BB /* LJHousePriceCell.xib in Resources */,
				4F98D1F81CF50F60001DDD78 /* Home.storyboard in Resources */,
				4F98D2001CF50F60001DDD78 /* LJAccountOverviewCell.xib in Resources */,
				4F4399291D00869E000B93DE /* seller_entrance_640x960.jpg in Resources */,
				4F39A3B01CF33A50004E37E8 /* LaunchScreen.storyboard in Resources */,
				4FB5AFEB1CF6637A00A4B509 /* LJInviteFriendsViewController.xib in Resources */,
				4F04F5581CF7B3EC005437F6 /* LJMyCouponsViewController.xib in Resources */,
				4F43991E1D0085F2000B93DE /* LJSellerEntrancePageController.xib in Resources */,
				4F98D2021CF50F60001DDD78 /* LJMyInfoTableViewCell.xib in Resources */,
				4F4C11301CFA75DE00D99DD5 /* LJKnowledgeTitleCell.xib in Resources */,
				4FB5AFD71CF661DA00A4B509 /* LJFollowedBuildingListViewController.xib in Resources */,
				4FB5AFDC1CF6625C00A4B509 /* LJMySeenRecordViewController.xib in Resources */,
				4FFDB9E61CFF26D400FD4109 /* LJKeyWordSearchViewController.xib in Resources */,
				4F43992A1D00869E000B93DE /* seller_entrance_640x1136.jpg in Resources */,
				4F2BC6B71CF9F973006923BB /* LJAssistantItemView.xib in Resources */,
				4FB5AFF31CF6641C00A4B509 /* LCUserFeedbackViewController.xib in Resources */,
				4FB5AFE11CF662AA00A4B509 /* LJMyAskViewController.xib in Resources */,
				4FB7AE201CFF996B00807772 /* lianjia_rights.html in Resources */,
				4F04F5531CF7B3B8005437F6 /* LJCreditCenterViewController.xib in Resources */,
				4F39A3AD1CF33A50004E37E8 /* Assets.xcassets in Resources */,
				4F2BC6AD1CF9F021006923BB /* LJBannerCell.xib in Resources */,
				4F4C11351CFA760500D99DD5 /* LJKnowledgeInfoCell.xib in Resources */,
				4F8B437B1D041297007F3EB6 /* LJCustomCommonSiftView.xib in Resources */,
				4F188ADF1D00F2FA005002EB /* LJPEHomeViewController.xib in Resources */,
				4F43992B1D00869E000B93DE /* seller_entrance_750x1334.jpg in Resources */,
				4F8B43801D04196E007F3EB6 /* LJCustomSelectRoomView.xib in Resources */,
				4FB5AFCD1CF6616800A4B509 /* LJMyFollowedCommunityViewController.xib in Resources */,
				4F98D2031CF50F60001DDD78 /* Me.storyboard in Resources */,
				4FE6AA4E1D0442F400C31C5A /* LJSaleHouseMoreCell.xib in Resources */,
				4FFDB9EB1CFF276900FD4109 /* LJNoDataMaskView.xib in Resources */,
				4F4399231D008675000B93DE /* LJAreaAndSubway.plist in Resources */,
				4F2BC6B21CF9F692006923BB /* LJAssistantCell.xib in Resources */,
				4F4C113A1CFA927C00D99DD5 /* LJErrorView.xib in Resources */,
				4FB5AFD21CF661A600A4B509 /* LJMyFollowedHouseListViewController.xib in Resources */,
				4F98D2051CF50F60001DDD78 /* Message.storyboard in Resources */,
				4F2BC6A81CF9E0F1006923BB /* LJHouseEnterCell.xib in Resources */,
				4F43992C1D00869E000B93DE /* seller_entrance_1242x2208.jpg in Resources */,
				4F98D1FD1CF50F60001DDD78 /* Main.storyboard in Resources */,
			);
			runOnlyForDeploymentPostprocessing = 0;
		};
/* End PBXResourcesBuildPhase section */

/* Begin PBXShellScriptBuildPhase section */
		7FD77250D0E0700EE51374D6 /* Check Pods Manifest.lock */ = {
			isa = PBXShellScriptBuildPhase;
			buildActionMask = 2147483647;
			files = (
			);
			inputPaths = (
			);
			name = "Check Pods Manifest.lock";
			outputPaths = (
			);
			runOnlyForDeploymentPostprocessing = 0;
			shellPath = /bin/sh;
			shellScript = "diff \"${PODS_ROOT}/../Podfile.lock\" \"${PODS_ROOT}/Manifest.lock\" > /dev/null\nif [[ $? != 0 ]] ; then\n    cat << EOM\nerror: The sandbox is not in sync with the Podfile.lock. Run 'pod install' or update your CocoaPods installation.\nEOM\n    exit 1\nfi\n";
			showEnvVarsInLog = 0;
		};
		863C5656662EA2964172C472 /* Embed Pods Frameworks */ = {
			isa = PBXShellScriptBuildPhase;
			buildActionMask = 2147483647;
			files = (
			);
			inputPaths = (
			);
			name = "Embed Pods Frameworks";
			outputPaths = (
			);
			runOnlyForDeploymentPostprocessing = 0;
			shellPath = /bin/sh;
			shellScript = "\"${SRCROOT}/Pods/Target Support Files/Pods/Pods-frameworks.sh\"\n";
			showEnvVarsInLog = 0;
		};
		EE3063AA88157C95652953B3 /* Copy Pods Resources */ = {
			isa = PBXShellScriptBuildPhase;
			buildActionMask = 2147483647;
			files = (
			);
			inputPaths = (
			);
			name = "Copy Pods Resources";
			outputPaths = (
			);
			runOnlyForDeploymentPostprocessing = 0;
			shellPath = /bin/sh;
			shellScript = "\"${SRCROOT}/Pods/Target Support Files/Pods/Pods-resources.sh\"\n";
			showEnvVarsInLog = 0;
		};
/* End PBXShellScriptBuildPhase section */

/* Begin PBXSourcesBuildPhase section */
		4F39A3991CF33A50004E37E8 /* Sources */ = {
			isa = PBXSourcesBuildPhase;
			buildActionMask = 2147483647;
			files = (
				4F43990C1D007BEA000B93DE /* NSArray+Log.m in Sources */,
				4F2BC6AC1CF9F021006923BB /* LJBannerCell.m in Sources */,
				4F4C11381CFA926600D99DD5 /* LJErrorView.m in Sources */,
				4F98D1FB1CF50F60001DDD78 /* LJTabBarController.m in Sources */,
				4F43990F1D00838F000B93DE /* LJSaleHouseListViewController.m in Sources */,
				4F8B437E1D041963007F3EB6 /* LJCustomSelectRoomView.m in Sources */,
				4FB7AE271CFF9A6E00807772 /* LJSelecteCityViewController.m in Sources */,
				4F3B80251CF91CF100784F3E /* LJLoginThirdPartView.m in Sources */,
				4FB5AFEE1CF663EB00A4B509 /* LJCalculateViewController.m in Sources */,
				4FB5AFD11CF661A600A4B509 /* LJMyFollowedHouseListViewController.m in Sources */,
				4F3B80511CF976F300784F3E /* UIView+LJExtension.m in Sources */,
				4FB5AFF21CF6641C00A4B509 /* LCUserFeedbackViewController.m in Sources */,
				4FB5AFD61CF661DA00A4B509 /* LJFollowedBuildingListViewController.m in Sources */,
				4FB5AFEA1CF6637A00A4B509 /* LJInviteFriendsViewController.m in Sources */,
				4FB5B0031CF6667900A4B509 /* LJGroup.m in Sources */,
				4F8B43791D041254007F3EB6 /* LJCustomCommonSiftView.m in Sources */,
				4FFDB9E91CFF275B00FD4109 /* LJNoDataMaskView.m in Sources */,
				4F43991D1D0085F2000B93DE /* LJSellerEntrancePageController.m in Sources */,
				4F4A1D6C1D01CAF500413C91 /* LJButton.m in Sources */,
				4F39A3A21CF33A50004E37E8 /* main.m in Sources */,
				4FB5B0091CF667E800A4B509 /* LJItemArrow.m in Sources */,
				4F98D1FC1CF50F60001DDD78 /* AppDelegate.m in Sources */,
				4F98D1FA1CF50F60001DDD78 /* LJNavigationController.m in Sources */,
				4F98D1FF1CF50F60001DDD78 /* LJAccountOverviewCell.m in Sources */,
				4FB5AFE01CF662AA00A4B509 /* LJMyAskViewController.m in Sources */,
				4F98D2011CF50F60001DDD78 /* LJMyInfoTableViewCell.m in Sources */,
				4F4399121D0083E4000B93DE /* LJCustomSelectionMenu.m in Sources */,
				4FFDB9E51CFF26D400FD4109 /* LJKeyWordSearchViewController.m in Sources */,
				4FB5AFCC1CF6616800A4B509 /* LJMyFollowedCommunityViewController.m in Sources */,
				4F4C11341CFA760500D99DD5 /* LJKnowledgeInfoCell.m in Sources */,
				4F98D1F71CF50F60001DDD78 /* LJHomePageViewController.m in Sources */,
				4F98D1FE1CF50F60001DDD78 /* LJMyInfoViewController.m in Sources */,
				4F04F5521CF7B3B8005437F6 /* LJCreditCenterViewController.m in Sources */,
				4F98D2041CF50F60001DDD78 /* LJMessageViewController.m in Sources */,
				4F04F5601CF7B4FF005437F6 /* LJLoginViewController.m in Sources */,
				4FB5AFDB1CF6625C00A4B509 /* LJMySeenRecordViewController.m in Sources */,
				4F04F5571CF7B3EC005437F6 /* LJMyCouponsViewController.m in Sources */,
				4F8AF7E81D03BB0100E18588 /* LJCustomDistrictAndSubwaySiftView.m in Sources */,
				4FE6AA4D1D0442F400C31C5A /* LJSaleHouseMoreCell.m in Sources */,
				4F8B43831D041B98007F3EB6 /* LJCustomMoreView.m in Sources */,
				4F2BC6B51CF9F963006923BB /* LJAssistantItemView.m in Sources */,
				4F188ADA1D00F1F7005002EB /* LJHtmlWapViewController.m in Sources */,
				4F2BC6A71CF9E0F1006923BB /* LJHouseEnterCell.m in Sources */,
				4F8B43911D0420B6007F3EB6 /* LJCustomMoreHeaderView.m in Sources */,
				4F188ADE1D00F2FA005002EB /* LJPEHomeViewController.m in Sources */,
				4F2BC6BB1CF9FC67006923BB /* LJHousePriceCell.m in Sources */,
				4F98D1F91CF50F60001DDD78 /* LJBaseViewController.m in Sources */,
				4F4C112F1CFA75DE00D99DD5 /* LJKnowledgeTitleCell.m in Sources */,
				4F2BC6B11CF9F692006923BB /* LJAssistantCell.m in Sources */,
				4FB5AFFB1CF6648D00A4B509 /* LJSettingViewController.m in Sources */,
				4FB5B00C1CF6681F00A4B509 /* LJItemSwitch.m in Sources */,
				4FB5B0061CF6668000A4B509 /* LJItem.m in Sources */,
			);
			runOnlyForDeploymentPostprocessing = 0;
		};
/* End PBXSourcesBuildPhase section */

/* Begin PBXVariantGroup section */
		4F39A3AE1CF33A50004E37E8 /* LaunchScreen.storyboard */ = {
			isa = PBXVariantGroup;
			children = (
				4F39A3AF1CF33A50004E37E8 /* Base */,
			);
			name = LaunchScreen.storyboard;
			sourceTree = "<group>";
		};
/* End PBXVariantGroup section */

/* Begin XCBuildConfiguration section */
		4F39A3B21CF33A50004E37E8 /* Debug */ = {
			isa = XCBuildConfiguration;
			buildSettings = {
				ALWAYS_SEARCH_USER_PATHS = NO;
				CLANG_ANALYZER_NONNULL = YES;
				CLANG_CXX_LANGUAGE_STANDARD = "gnu++0x";
				CLANG_CXX_LIBRARY = "libc++";
				CLANG_ENABLE_MODULES = YES;
				CLANG_ENABLE_OBJC_ARC = YES;
				CLANG_WARN_BOOL_CONVERSION = YES;
				CLANG_WARN_CONSTANT_CONVERSION = YES;
				CLANG_WARN_DIRECT_OBJC_ISA_USAGE = YES_ERROR;
				CLANG_WARN_EMPTY_BODY = YES;
				CLANG_WARN_ENUM_CONVERSION = YES;
				CLANG_WARN_INT_CONVERSION = YES;
				CLANG_WARN_OBJC_ROOT_CLASS = YES_ERROR;
				CLANG_WARN_UNREACHABLE_CODE = YES;
				CLANG_WARN__DUPLICATE_METHOD_MATCH = YES;
				"CODE_SIGN_IDENTITY[sdk=iphoneos*]" = "iPhone Developer";
				COPY_PHASE_STRIP = NO;
				DEBUG_INFORMATION_FORMAT = dwarf;
				ENABLE_STRICT_OBJC_MSGSEND = YES;
				ENABLE_TESTABILITY = YES;
				GCC_C_LANGUAGE_STANDARD = gnu99;
				GCC_DYNAMIC_NO_PIC = NO;
				GCC_NO_COMMON_BLOCKS = YES;
				GCC_OPTIMIZATION_LEVEL = 0;
				GCC_PREPROCESSOR_DEFINITIONS = (
					"DEBUG=1",
					"$(inherited)",
				);
				GCC_WARN_64_TO_32_BIT_CONVERSION = YES;
				GCC_WARN_ABOUT_RETURN_TYPE = YES_ERROR;
				GCC_WARN_UNDECLARED_SELECTOR = YES;
				GCC_WARN_UNINITIALIZED_AUTOS = YES_AGGRESSIVE;
				GCC_WARN_UNUSED_FUNCTION = YES;
				GCC_WARN_UNUSED_VARIABLE = YES;
				IPHONEOS_DEPLOYMENT_TARGET = 9.3;
				MTL_ENABLE_DEBUG_INFO = YES;
				ONLY_ACTIVE_ARCH = YES;
				SDKROOT = iphoneos;
			};
			name = Debug;
		};
		4F39A3B31CF33A50004E37E8 /* Release */ = {
			isa = XCBuildConfiguration;
			buildSettings = {
				ALWAYS_SEARCH_USER_PATHS = NO;
				CLANG_ANALYZER_NONNULL = YES;
				CLANG_CXX_LANGUAGE_STANDARD = "gnu++0x";
				CLANG_CXX_LIBRARY = "libc++";
				CLANG_ENABLE_MODULES = YES;
				CLANG_ENABLE_OBJC_ARC = YES;
				CLANG_WARN_BOOL_CONVERSION = YES;
				CLANG_WARN_CONSTANT_CONVERSION = YES;
				CLANG_WARN_DIRECT_OBJC_ISA_USAGE = YES_ERROR;
				CLANG_WARN_EMPTY_BODY = YES;
				CLANG_WARN_ENUM_CONVERSION = YES;
				CLANG_WARN_INT_CONVERSION = YES;
				CLANG_WARN_OBJC_ROOT_CLASS = YES_ERROR;
				CLANG_WARN_UNREACHABLE_CODE = YES;
				CLANG_WARN__DUPLICATE_METHOD_MATCH = YES;
				"CODE_SIGN_IDENTITY[sdk=iphoneos*]" = "iPhone Developer";
				COPY_PHASE_STRIP = NO;
				DEBUG_INFORMATION_FORMAT = "dwarf-with-dsym";
				ENABLE_NS_ASSERTIONS = NO;
				ENABLE_STRICT_OBJC_MSGSEND = YES;
				GCC_C_LANGUAGE_STANDARD = gnu99;
				GCC_NO_COMMON_BLOCKS = YES;
				GCC_WARN_64_TO_32_BIT_CONVERSION = YES;
				GCC_WARN_ABOUT_RETURN_TYPE = YES_ERROR;
				GCC_WARN_UNDECLARED_SELECTOR = YES;
				GCC_WARN_UNINITIALIZED_AUTOS = YES_AGGRESSIVE;
				GCC_WARN_UNUSED_FUNCTION = YES;
				GCC_WARN_UNUSED_VARIABLE = YES;
				IPHONEOS_DEPLOYMENT_TARGET = 9.3;
				MTL_ENABLE_DEBUG_INFO = NO;
				SDKROOT = iphoneos;
				VALIDATE_PRODUCT = YES;
			};
			name = Release;
		};
		4F39A3B51CF33A50004E37E8 /* Debug */ = {
			isa = XCBuildConfiguration;
			baseConfigurationReference = CF4A83AC915A334ACAC0E88D /* Pods.debug.xcconfig */;
			buildSettings = {
				ASSETCATALOG_COMPILER_APPICON_NAME = AppIcon;
				CODE_SIGN_IDENTITY = "iPhone Developer";
				"CODE_SIGN_IDENTITY[sdk=iphoneos*]" = "iPhone Developer";
				GCC_PREFIX_HEADER = LJDemo/LJ.pch;
				INFOPLIST_FILE = LJDemo/Info.plist;
				IPHONEOS_DEPLOYMENT_TARGET = 8.0;
				LD_RUNPATH_SEARCH_PATHS = "$(inherited) @executable_path/Frameworks";
				PRODUCT_BUNDLE_IDENTIFIER = com.huanghuacai.LJDemo;
				PRODUCT_NAME = "$(TARGET_NAME)";
				PROVISIONING_PROFILE = "";
			};
			name = Debug;
		};
		4F39A3B61CF33A50004E37E8 /* Release */ = {
			isa = XCBuildConfiguration;
			baseConfigurationReference = 2AFD90BEB14EF5EAEDAAD248 /* Pods.release.xcconfig */;
			buildSettings = {
				ASSETCATALOG_COMPILER_APPICON_NAME = AppIcon;
				CODE_SIGN_IDENTITY = "iPhone Developer";
				"CODE_SIGN_IDENTITY[sdk=iphoneos*]" = "iPhone Developer";
				GCC_PREFIX_HEADER = LJDemo/LJ.pch;
				INFOPLIST_FILE = LJDemo/Info.plist;
				IPHONEOS_DEPLOYMENT_TARGET = 8.0;
				LD_RUNPATH_SEARCH_PATHS = "$(inherited) @executable_path/Frameworks";
				PRODUCT_BUNDLE_IDENTIFIER = com.huanghuacai.LJDemo;
				PRODUCT_NAME = "$(TARGET_NAME)";
				PROVISIONING_PROFILE = "";
			};
			name = Release;
		};
/* End XCBuildConfiguration section */

/* Begin XCConfigurationList section */
		4F39A3981CF33A50004E37E8 /* Build configuration list for PBXProject "LJDemo" */ = {
			isa = XCConfigurationList;
			buildConfigurations = (
				4F39A3B21CF33A50004E37E8 /* Debug */,
				4F39A3B31CF33A50004E37E8 /* Release */,
			);
			defaultConfigurationIsVisible = 0;
			defaultConfigurationName = Release;
		};
		4F39A3B41CF33A50004E37E8 /* Build configuration list for PBXNativeTarget "LJDemo" */ = {
			isa = XCConfigurationList;
			buildConfigurations = (
				4F39A3B51CF33A50004E37E8 /* Debug */,
				4F39A3B61CF33A50004E37E8 /* Release */,
			);
			defaultConfigurationIsVisible = 0;
			defaultConfigurationName = Release;
		};
/* End XCConfigurationList section */
	};
	rootObject = 4F39A3951CF33A50004E37E8 /* Project object */;
}
